PODS:
  - Alamofire (3.5.0)
  - KMPlaceholderTextView (1.2.2)
  - ReachabilitySwift (2.3.3)
  - SDWebImage (3.8.2):
    - SDWebImage/Core (= 3.8.2)
  - SDWebImage/Core (3.8.2)
  - SwiftSpinner (0.9.5)
  - TTTAttributedLabel (2.0.0)

DEPENDENCIES:
  - Alamofire (~> 3.5.0)
  - KMPlaceholderTextView (~> 1.2.0)
  - ReachabilitySwift (~> 2.3.3)
  - SDWebImage (~> 3.8)
  - SwiftSpinner
  - TTTAttributedLabel

SPEC CHECKSUMS:
  Alamofire: b70a7352335f8ea5babd0a923eb7e8eacc67b877
  KMPlaceholderTextView: bbff031935d84f7eedb585e7f77120020fbae9e8
  ReachabilitySwift: e0f6b6f280effb47731acfaaa2d5ffe223703793
  SDWebImage: 098e97e6176540799c27e804c96653ee0833d13c
  SwiftSpinner: c6585a0ae5c67eb33e737695cce88f0262008cce
  TTTAttributedLabel: 8cffe8e127e4e82ff3af1e5386d4cd0ad000b656

COCOAPODS: 0.39.0
