// !$*UTF8*$!
{
	archiveVersion = 1;
	classes = {
	};
	objectVersion = 46;
	objects = {

/* Begin PBXBuildFile section */
		0BC5982B12BA80B76DCC54AD /* Pods_RealTransfer.framework in Frameworks */ = {isa = PBXBuildFile; fileRef = 418BCD69E7A020F1D1E5839B /* Pods_RealTransfer.framework */; };
		1800981B1D157FE700BB11FD /* Category.swift in Sources */ = {isa = PBXBuildFile; fileRef = 1800981A1D157FE700BB11FD /* Category.swift */; };
		1800981F1D159DF700BB11FD /* NSDateFormaterExtension.swift in Sources */ = {isa = PBXBuildFile; fileRef = 1800981E1D159DF700BB11FD /* NSDateFormaterExtension.swift */; };
		180098211D164A4C00BB11FD /* Sync.swift in Sources */ = {isa = PBXBuildFile; fileRef = 180098201D164A4C00BB11FD /* Sync.swift */; };
		180AD45E1D1953E5000D802B /* BuildingCaching.swift in Sources */ = {isa = PBXBuildFile; fileRef = 180AD45D1D1953E5000D802B /* BuildingCaching.swift */; };
		180AD4601D199E56000D802B /* KMPlaceholderTextView.framework in Frameworks */ = {isa = PBXBuildFile; fileRef = 180AD45F1D199E56000D802B /* KMPlaceholderTextView.framework */; };
		181D5C531D1CE5D5000DD110 /* PathUtil.swift in Sources */ = {isa = PBXBuildFile; fileRef = 181D5C521D1CE5D5000DD110 /* PathUtil.swift */; };
		182290221D43968100F94652 /* NetworkDetection.swift in Sources */ = {isa = PBXBuildFile; fileRef = 182290211D43968100F94652 /* NetworkDetection.swift */; };
		184E425E1D0C2EA20073CF60 /* AddDefectDetailViewController.swift in Sources */ = {isa = PBXBuildFile; fileRef = 184E425D1D0C2EA20073CF60 /* AddDefectDetailViewController.swift */; };
		184E42601D0C4BFD0073CF60 /* NZDropDownIconColorCell.swift in Sources */ = {isa = PBXBuildFile; fileRef = 184E425F1D0C4BFD0073CF60 /* NZDropDownIconColorCell.swift */; };
		184E42661D0DB7DC0073CF60 /* CustomerInfoViewController.swift in Sources */ = {isa = PBXBuildFile; fileRef = 184E42651D0DB7DC0073CF60 /* CustomerInfoViewController.swift */; };
		185144551D2632D3007420C2 /* UIViewControllerExtension.swift in Sources */ = {isa = PBXBuildFile; fileRef = 185144541D2632D3007420C2 /* UIViewControllerExtension.swift */; };
		18521DFD1D16B64D00B9622C /* UIImageExtension.swift in Sources */ = {isa = PBXBuildFile; fileRef = 18521DFC1D16B64D00B9622C /* UIImageExtension.swift */; };
		1854F69C1D12FC54003B9FE0 /* User.swift in Sources */ = {isa = PBXBuildFile; fileRef = 1854F69B1D12FC54003B9FE0 /* User.swift */; };
		1854F6AD1D130865003B9FE0 /* Model.swift in Sources */ = {isa = PBXBuildFile; fileRef = 1854F6AC1D130865003B9FE0 /* Model.swift */; };
		1855570E1D77CDAB00F58906 /* Pin.swift in Sources */ = {isa = PBXBuildFile; fileRef = 1855570D1D77CDAB00F58906 /* Pin.swift */; };
		185557101D79547B00F58906 /* Session.swift in Sources */ = {isa = PBXBuildFile; fileRef = 1855570F1D79547B00F58906 /* Session.swift */; };
		185E07401D202B510049F30B /* CustomerInfo.swift in Sources */ = {isa = PBXBuildFile; fileRef = 185E073F1D202B510049F30B /* CustomerInfo.swift */; };
		185F145C1D7D9BF4005B457A /* GoogleService-Info.plist in Resources */ = {isa = PBXBuildFile; fileRef = 185F145B1D7D9BF4005B457A /* GoogleService-Info.plist */; };
		186537131D22E28B00A11F49 /* DefectListCheckingViewController.swift in Sources */ = {isa = PBXBuildFile; fileRef = 186537121D22E28B00A11F49 /* DefectListCheckingViewController.swift */; };
		186AB4211D55C19F00DEEBFA /* URLConfigViewController.swift in Sources */ = {isa = PBXBuildFile; fileRef = 186AB4201D55C19F00DEEBFA /* URLConfigViewController.swift */; };
		1876D5131D3E372300B6FAA1 /* QuartzCore.framework in Frameworks */ = {isa = PBXBuildFile; fileRef = 1876D5121D3E372300B6FAA1 /* QuartzCore.framework */; };
		1876D5151D3E6D3E00B6FAA1 /* GalleryImagePickerController.swift in Sources */ = {isa = PBXBuildFile; fileRef = 1876D5141D3E6D3E00B6FAA1 /* GalleryImagePickerController.swift */; };
		187F40571D6D8B9E0022EB01 /* CellCusInfo.swift in Sources */ = {isa = PBXBuildFile; fileRef = 187F40561D6D8B9E0022EB01 /* CellCusInfo.swift */; };
		188606281D43997F00B2CD7C /* ReachabilitySwift.framework in Frameworks */ = {isa = PBXBuildFile; fileRef = 188606271D43997F00B2CD7C /* ReachabilitySwift.framework */; };
		1886062A1D43A4C600B2CD7C /* CameraRoll.swift in Sources */ = {isa = PBXBuildFile; fileRef = 188606291D43A4C600B2CD7C /* CameraRoll.swift */; };
		1886062C1D43A58400B2CD7C /* Photos.framework in Frameworks */ = {isa = PBXBuildFile; fileRef = 1886062B1D43A58400B2CD7C /* Photos.framework */; };
		188606531D44CCD200B2CD7C /* NZSwitch.swift in Sources */ = {isa = PBXBuildFile; fileRef = 188606521D44CCD200B2CD7C /* NZSwitch.swift */; };
		1889D9E11D1451FC0095507F /* SwiftSpinner.framework in Frameworks */ = {isa = PBXBuildFile; fileRef = 1889D9E01D1451FC0095507F /* SwiftSpinner.framework */; };
		18AACE171D145ACA0098F5BA /* ProjectModel.swift in Sources */ = {isa = PBXBuildFile; fileRef = 18AACE161D145ACA0098F5BA /* ProjectModel.swift */; };
		18C0C20E1D21881B00B079BB /* GaranteeListViewController.swift in Sources */ = {isa = PBXBuildFile; fileRef = 18C0C20D1D21881B00B079BB /* GaranteeListViewController.swift */; };
		18CA73111D1C13120021712B /* AlertUtil.swift in Sources */ = {isa = PBXBuildFile; fileRef = 18CA73101D1C13120021712B /* AlertUtil.swift */; };
		18DF98961D146280004BE990 /* SDWebImage.framework in Frameworks */ = {isa = PBXBuildFile; fileRef = 18DF98951D146280004BE990 /* SDWebImage.framework */; };
		18DF98981D14F31E004BE990 /* Building.swift in Sources */ = {isa = PBXBuildFile; fileRef = 18DF98971D14F31E004BE990 /* Building.swift */; };
		18DF989A1D150C76004BE990 /* CSRoleModel.swift in Sources */ = {isa = PBXBuildFile; fileRef = 18DF98991D150C76004BE990 /* CSRoleModel.swift */; };
		18DF989C1D15180B004BE990 /* Room.swift in Sources */ = {isa = PBXBuildFile; fileRef = 18DF989B1D15180B004BE990 /* Room.swift */; };
		18DF989E1D152F2C004BE990 /* DefectRoom.swift in Sources */ = {isa = PBXBuildFile; fileRef = 18DF989D1D152F2C004BE990 /* DefectRoom.swift */; };
		18DF98A01D155AFF004BE990 /* DefectModel.swift in Sources */ = {isa = PBXBuildFile; fileRef = 18DF989F1D155AFF004BE990 /* DefectModel.swift */; };
		18E039FC1D2430A9000F17B4 /* DefectCellChecking.swift in Sources */ = {isa = PBXBuildFile; fileRef = 18E039FB1D2430A9000F17B4 /* DefectCellChecking.swift */; };
		18EC63991D4C7B4D005E6A54 /* CallService.swift in Sources */ = {isa = PBXBuildFile; fileRef = 18EC63981D4C7B4D005E6A54 /* CallService.swift */; };
		18F121611D27D6CC0046326F /* ImageViewerController.swift in Sources */ = {isa = PBXBuildFile; fileRef = 18F121601D27D6CC0046326F /* ImageViewerController.swift */; };
		18F121631D27EC210046326F /* ImageViewerModel.swift in Sources */ = {isa = PBXBuildFile; fileRef = 18F121621D27EC210046326F /* ImageViewerModel.swift */; };
		18F37A3D1D243E2B002767F7 /* TTTAttributedLabel.framework in Frameworks */ = {isa = PBXBuildFile; fileRef = 18F37A3C1D243E2B002767F7 /* TTTAttributedLabel.framework */; };
		18F589F71D1804AA00F06813 /* NSStringExtension.swift in Sources */ = {isa = PBXBuildFile; fileRef = 18F589F61D1804AA00F06813 /* NSStringExtension.swift */; };
		18F589FC1D183AC700F06813 /* CachingManager.swift in Sources */ = {isa = PBXBuildFile; fileRef = 18F589FB1D183AC700F06813 /* CachingManager.swift */; };
		18F589FE1D183AF400F06813 /* ImageCaching.swift in Sources */ = {isa = PBXBuildFile; fileRef = 18F589FD1D183AF400F06813 /* ImageCaching.swift */; };
		5204FF441D06D55E00A3991B /* NZSplitViewController.swift in Sources */ = {isa = PBXBuildFile; fileRef = 5204FF431D06D55E00A3991B /* NZSplitViewController.swift */; };
		520AC6731D094C3C000A8754 /* NZAutoComplete.storyboard in Resources */ = {isa = PBXBuildFile; fileRef = 520AC6721D094C3C000A8754 /* NZAutoComplete.storyboard */; };
		520AC6751D094C6D000A8754 /* NZAutoCompleteViewController.swift in Sources */ = {isa = PBXBuildFile; fileRef = 520AC6741D094C6D000A8754 /* NZAutoCompleteViewController.swift */; };
		520AC6781D094D49000A8754 /* AutoCompleteModel.swift in Sources */ = {isa = PBXBuildFile; fileRef = 520AC6771D094D49000A8754 /* AutoCompleteModel.swift */; };
		520AC67A1D094D76000A8754 /* NZAutoCompleteCell.swift in Sources */ = {isa = PBXBuildFile; fileRef = 520AC6791D094D76000A8754 /* NZAutoCompleteCell.swift */; };
		520AC67D1D096236000A8754 /* AddDefectViewController.swift in Sources */ = {isa = PBXBuildFile; fileRef = 520AC67C1D096236000A8754 /* AddDefectViewController.swift */; };
		5218E5751D09123C008B5402 /* NZDropDowCell.swift in Sources */ = {isa = PBXBuildFile; fileRef = 5218E5741D09123C008B5402 /* NZDropDowCell.swift */; };
		521A7B241D05277700971B7B /* UIViewExtension.swift in Sources */ = {isa = PBXBuildFile; fileRef = 521A7B231D05277700971B7B /* UIViewExtension.swift */; };
		521A7B261D05291900971B7B /* UIColorExtension.swift in Sources */ = {isa = PBXBuildFile; fileRef = 521A7B251D05291900971B7B /* UIColorExtension.swift */; };
		521A7B281D05305200971B7B /* UIFontExtention.swift in Sources */ = {isa = PBXBuildFile; fileRef = 521A7B271D05305200971B7B /* UIFontExtention.swift */; };
		521A7B2A1D0534FD00971B7B /* SukhumvitSet.ttc in Resources */ = {isa = PBXBuildFile; fileRef = 521A7B291D05349B00971B7B /* SukhumvitSet.ttc */; };
		521A7B311D05504C00971B7B /* Queue.swift in Sources */ = {isa = PBXBuildFile; fileRef = 521A7B301D05504C00971B7B /* Queue.swift */; };
		521A7B331D0552B400971B7B /* ProjectCollectionViewCell.swift in Sources */ = {isa = PBXBuildFile; fileRef = 521A7B321D0552B400971B7B /* ProjectCollectionViewCell.swift */; };
		5240D9FD1D07F6CC0071D287 /* DefectListViewController.swift in Sources */ = {isa = PBXBuildFile; fileRef = 5240D9FC1D07F6CC0071D287 /* DefectListViewController.swift */; };
		5240D9FF1D07F7610071D287 /* DefectCell.swift in Sources */ = {isa = PBXBuildFile; fileRef = 5240D9FE1D07F7610071D287 /* DefectCell.swift */; };
		5240DA041D0809F20071D287 /* NZDropDown.storyboard in Resources */ = {isa = PBXBuildFile; fileRef = 5240DA031D0809F20071D287 /* NZDropDown.storyboard */; };
		5240DA061D080A1E0071D287 /* NZDropDownViewController.swift in Sources */ = {isa = PBXBuildFile; fileRef = 5240DA051D080A1E0071D287 /* NZDropDownViewController.swift */; };
		52499B0A1D06A19F0003F6D5 /* CellLabelStatic.swift in Sources */ = {isa = PBXBuildFile; fileRef = 52499B091D06A19F0003F6D5 /* CellLabelStatic.swift */; };
		52499B0D1D06B70C0003F6D5 /* RowModel.swift in Sources */ = {isa = PBXBuildFile; fileRef = 52499B0C1D06B70C0003F6D5 /* RowModel.swift */; };
		52499B0F1D06BA410003F6D5 /* CellDropDown.swift in Sources */ = {isa = PBXBuildFile; fileRef = 52499B0E1D06BA410003F6D5 /* CellDropDown.swift */; };
		52499B111D06BD110003F6D5 /* CellTxtSearch.swift in Sources */ = {isa = PBXBuildFile; fileRef = 52499B101D06BD110003F6D5 /* CellTxtSearch.swift */; };
		52499B131D06C70C0003F6D5 /* CellInfoLabel.swift in Sources */ = {isa = PBXBuildFile; fileRef = 52499B121D06C70C0003F6D5 /* CellInfoLabel.swift */; };
		52499B151D06C7CF0003F6D5 /* RowInfoModel.swift in Sources */ = {isa = PBXBuildFile; fileRef = 52499B141D06C7CF0003F6D5 /* RowInfoModel.swift */; };
		5284FD611D05763D006C5D1B /* DefectViewController.swift in Sources */ = {isa = PBXBuildFile; fileRef = 5284FD601D05763D006C5D1B /* DefectViewController.swift */; };
		529055EE1D0518DE00B7D28C /* AppDelegate.swift in Sources */ = {isa = PBXBuildFile; fileRef = 529055ED1D0518DE00B7D28C /* AppDelegate.swift */; };
		529055F31D0518DE00B7D28C /* Main.storyboard in Resources */ = {isa = PBXBuildFile; fileRef = 529055F11D0518DE00B7D28C /* Main.storyboard */; };
		529055F61D0518DE00B7D28C /* RealTransfer.xcdatamodeld in Sources */ = {isa = PBXBuildFile; fileRef = 529055F41D0518DE00B7D28C /* RealTransfer.xcdatamodeld */; };
		529055F81D0518DE00B7D28C /* Assets.xcassets in Resources */ = {isa = PBXBuildFile; fileRef = 529055F71D0518DE00B7D28C /* Assets.xcassets */; };
		529055FB1D0518DE00B7D28C /* LaunchScreen.storyboard in Resources */ = {isa = PBXBuildFile; fileRef = 529055F91D0518DE00B7D28C /* LaunchScreen.storyboard */; };
		5290560A1D0519EE00B7D28C /* NZNav.storyboard in Resources */ = {isa = PBXBuildFile; fileRef = 529056041D0519EE00B7D28C /* NZNav.storyboard */; };
		5290560B1D0519EE00B7D28C /* NZNavigationViewController.swift in Sources */ = {isa = PBXBuildFile; fileRef = 529056051D0519EE00B7D28C /* NZNavigationViewController.swift */; };
		5290560C1D0519EE00B7D28C /* NZViewController.swift in Sources */ = {isa = PBXBuildFile; fileRef = 529056061D0519EE00B7D28C /* NZViewController.swift */; };
		5290560D1D0519EE00B7D28C /* NZPopoverView.swift in Sources */ = {isa = PBXBuildFile; fileRef = 529056081D0519EE00B7D28C /* NZPopoverView.swift */; };
		5290560E1D0519EE00B7D28C /* NZRow.swift in Sources */ = {isa = PBXBuildFile; fileRef = 529056091D0519EE00B7D28C /* NZRow.swift */; };
		529056111D051B3F00B7D28C /* LoginViewController.swift in Sources */ = {isa = PBXBuildFile; fileRef = 529056101D051B3F00B7D28C /* LoginViewController.swift */; };
		529056141D051C6B00B7D28C /* ProjectViewController.swift in Sources */ = {isa = PBXBuildFile; fileRef = 529056131D051C6B00B7D28C /* ProjectViewController.swift */; };
		5299C3CE1D066C810021DD97 /* GettingStartViewController.swift in Sources */ = {isa = PBXBuildFile; fileRef = 5299C3CD1D066C810021DD97 /* GettingStartViewController.swift */; };
		529F94761D0924A40089ED52 /* DropDownModel.swift in Sources */ = {isa = PBXBuildFile; fileRef = 529F94751D0924A40089ED52 /* DropDownModel.swift */; };
		52C09DE31D096E7C0094405D /* MobileCoreServices.framework in Frameworks */ = {isa = PBXBuildFile; fileRef = 52C09DE21D096E7C0094405D /* MobileCoreServices.framework */; };
/* End PBXBuildFile section */

/* Begin PBXFileReference section */
		1800981A1D157FE700BB11FD /* Category.swift */ = {isa = PBXFileReference; fileEncoding = 4; lastKnownFileType = sourcecode.swift; path = Category.swift; sourceTree = "<group>"; };
		1800981E1D159DF700BB11FD /* NSDateFormaterExtension.swift */ = {isa = PBXFileReference; fileEncoding = 4; lastKnownFileType = sourcecode.swift; path = NSDateFormaterExtension.swift; sourceTree = "<group>"; };
		180098201D164A4C00BB11FD /* Sync.swift */ = {isa = PBXFileReference; fileEncoding = 4; lastKnownFileType = sourcecode.swift; path = Sync.swift; sourceTree = "<group>"; };
		180AD45D1D1953E5000D802B /* BuildingCaching.swift */ = {isa = PBXFileReference; fileEncoding = 4; lastKnownFileType = sourcecode.swift; path = BuildingCaching.swift; sourceTree = "<group>"; };
		180AD45F1D199E56000D802B /* KMPlaceholderTextView.framework */ = {isa = PBXFileReference; lastKnownFileType = wrapper.framework; name = KMPlaceholderTextView.framework; path = "../../../Library/Developer/Xcode/DerivedData/RealTransfer-dxjmravslvqqrxcfhswvgaqtusax/Build/Products/Debug-iphoneos/KMPlaceholderTextView.framework"; sourceTree = "<group>"; };
		181D5C521D1CE5D5000DD110 /* PathUtil.swift */ = {isa = PBXFileReference; fileEncoding = 4; lastKnownFileType = sourcecode.swift; path = PathUtil.swift; sourceTree = "<group>"; };
		182290211D43968100F94652 /* NetworkDetection.swift */ = {isa = PBXFileReference; fileEncoding = 4; lastKnownFileType = sourcecode.swift; path = NetworkDetection.swift; sourceTree = "<group>"; };
		184E425D1D0C2EA20073CF60 /* AddDefectDetailViewController.swift */ = {isa = PBXFileReference; fileEncoding = 4; lastKnownFileType = sourcecode.swift; path = AddDefectDetailViewController.swift; sourceTree = "<group>"; };
		184E425F1D0C4BFD0073CF60 /* NZDropDownIconColorCell.swift */ = {isa = PBXFileReference; fileEncoding = 4; lastKnownFileType = sourcecode.swift; path = NZDropDownIconColorCell.swift; sourceTree = "<group>"; };
		184E42651D0DB7DC0073CF60 /* CustomerInfoViewController.swift */ = {isa = PBXFileReference; fileEncoding = 4; lastKnownFileType = sourcecode.swift; path = CustomerInfoViewController.swift; sourceTree = "<group>"; };
		185144541D2632D3007420C2 /* UIViewControllerExtension.swift */ = {isa = PBXFileReference; fileEncoding = 4; lastKnownFileType = sourcecode.swift; path = UIViewControllerExtension.swift; sourceTree = "<group>"; };
		18521DFC1D16B64D00B9622C /* UIImageExtension.swift */ = {isa = PBXFileReference; fileEncoding = 4; lastKnownFileType = sourcecode.swift; path = UIImageExtension.swift; sourceTree = "<group>"; };
		1854F69B1D12FC54003B9FE0 /* User.swift */ = {isa = PBXFileReference; fileEncoding = 4; lastKnownFileType = sourcecode.swift; path = User.swift; sourceTree = "<group>"; };
		1854F6AC1D130865003B9FE0 /* Model.swift */ = {isa = PBXFileReference; fileEncoding = 4; lastKnownFileType = sourcecode.swift; path = Model.swift; sourceTree = "<group>"; };
		1855570D1D77CDAB00F58906 /* Pin.swift */ = {isa = PBXFileReference; fileEncoding = 4; lastKnownFileType = sourcecode.swift; path = Pin.swift; sourceTree = "<group>"; };
		1855570F1D79547B00F58906 /* Session.swift */ = {isa = PBXFileReference; fileEncoding = 4; lastKnownFileType = sourcecode.swift; path = Session.swift; sourceTree = "<group>"; };
		185E073F1D202B510049F30B /* CustomerInfo.swift */ = {isa = PBXFileReference; fileEncoding = 4; lastKnownFileType = sourcecode.swift; path = CustomerInfo.swift; sourceTree = "<group>"; };
		185F145B1D7D9BF4005B457A /* GoogleService-Info.plist */ = {isa = PBXFileReference; fileEncoding = 4; lastKnownFileType = text.plist.xml; path = "GoogleService-Info.plist"; sourceTree = "<group>"; };
		186537121D22E28B00A11F49 /* DefectListCheckingViewController.swift */ = {isa = PBXFileReference; fileEncoding = 4; lastKnownFileType = sourcecode.swift; path = DefectListCheckingViewController.swift; sourceTree = "<group>"; };
		186AB4201D55C19F00DEEBFA /* URLConfigViewController.swift */ = {isa = PBXFileReference; fileEncoding = 4; lastKnownFileType = sourcecode.swift; path = URLConfigViewController.swift; sourceTree = "<group>"; };
		1876D5121D3E372300B6FAA1 /* QuartzCore.framework */ = {isa = PBXFileReference; lastKnownFileType = wrapper.framework; name = QuartzCore.framework; path = System/Library/Frameworks/QuartzCore.framework; sourceTree = SDKROOT; };
		1876D5141D3E6D3E00B6FAA1 /* GalleryImagePickerController.swift */ = {isa = PBXFileReference; fileEncoding = 4; lastKnownFileType = sourcecode.swift; path = GalleryImagePickerController.swift; sourceTree = "<group>"; };
		187F40561D6D8B9E0022EB01 /* CellCusInfo.swift */ = {isa = PBXFileReference; fileEncoding = 4; lastKnownFileType = sourcecode.swift; name = CellCusInfo.swift; path = Model/CellCusInfo.swift; sourceTree = "<group>"; };
		188606271D43997F00B2CD7C /* ReachabilitySwift.framework */ = {isa = PBXFileReference; lastKnownFileType = wrapper.framework; name = ReachabilitySwift.framework; path = "../../../Library/Developer/Xcode/DerivedData/RealTransfer-dxjmravslvqqrxcfhswvgaqtusax/Build/Products/Debug-iphoneos/ReachabilitySwift.framework"; sourceTree = "<group>"; };
		188606291D43A4C600B2CD7C /* CameraRoll.swift */ = {isa = PBXFileReference; fileEncoding = 4; lastKnownFileType = sourcecode.swift; path = CameraRoll.swift; sourceTree = "<group>"; };
		1886062B1D43A58400B2CD7C /* Photos.framework */ = {isa = PBXFileReference; lastKnownFileType = wrapper.framework; name = Photos.framework; path = System/Library/Frameworks/Photos.framework; sourceTree = SDKROOT; };
		188606521D44CCD200B2CD7C /* NZSwitch.swift */ = {isa = PBXFileReference; fileEncoding = 4; lastKnownFileType = sourcecode.swift; path = NZSwitch.swift; sourceTree = "<group>"; };
		1889D9DD1D1450400095507F /* AlamofireNetworkActivityIndicator.framework */ = {isa = PBXFileReference; lastKnownFileType = wrapper.framework; name = AlamofireNetworkActivityIndicator.framework; path = "../../../Library/Developer/Xcode/DerivedData/RealTransfer-dxjmravslvqqrxcfhswvgaqtusax/Build/Products/Debug-iphonesimulator/AlamofireNetworkActivityIndicator.framework"; sourceTree = "<group>"; };
		1889D9E01D1451FC0095507F /* SwiftSpinner.framework */ = {isa = PBXFileReference; lastKnownFileType = wrapper.framework; name = SwiftSpinner.framework; path = "../../../Library/Developer/Xcode/DerivedData/RealTransfer-dxjmravslvqqrxcfhswvgaqtusax/Build/Products/Debug-iphonesimulator/SwiftSpinner.framework"; sourceTree = "<group>"; };
		18AACE161D145ACA0098F5BA /* ProjectModel.swift */ = {isa = PBXFileReference; fileEncoding = 4; lastKnownFileType = sourcecode.swift; path = ProjectModel.swift; sourceTree = "<group>"; };
		18AACE181D1461880098F5BA /* RealTransfer-Bridging-Header.h */ = {isa = PBXFileReference; lastKnownFileType = sourcecode.c.h; path = "RealTransfer-Bridging-Header.h"; sourceTree = "<group>"; };
		18C0C20D1D21881B00B079BB /* GaranteeListViewController.swift */ = {isa = PBXFileReference; fileEncoding = 4; lastKnownFileType = sourcecode.swift; path = GaranteeListViewController.swift; sourceTree = "<group>"; };
		18CA73101D1C13120021712B /* AlertUtil.swift */ = {isa = PBXFileReference; fileEncoding = 4; lastKnownFileType = sourcecode.swift; path = AlertUtil.swift; sourceTree = "<group>"; };
		18DF98951D146280004BE990 /* SDWebImage.framework */ = {isa = PBXFileReference; lastKnownFileType = wrapper.framework; name = SDWebImage.framework; path = "Pods/../build/Debug-iphoneos/SDWebImage.framework"; sourceTree = "<group>"; };
		18DF98971D14F31E004BE990 /* Building.swift */ = {isa = PBXFileReference; fileEncoding = 4; lastKnownFileType = sourcecode.swift; path = Building.swift; sourceTree = "<group>"; };
		18DF98991D150C76004BE990 /* CSRoleModel.swift */ = {isa = PBXFileReference; fileEncoding = 4; lastKnownFileType = sourcecode.swift; path = CSRoleModel.swift; sourceTree = "<group>"; };
		18DF989B1D15180B004BE990 /* Room.swift */ = {isa = PBXFileReference; fileEncoding = 4; lastKnownFileType = sourcecode.swift; path = Room.swift; sourceTree = "<group>"; };
		18DF989D1D152F2C004BE990 /* DefectRoom.swift */ = {isa = PBXFileReference; fileEncoding = 4; lastKnownFileType = sourcecode.swift; path = DefectRoom.swift; sourceTree = "<group>"; };
		18DF989F1D155AFF004BE990 /* DefectModel.swift */ = {isa = PBXFileReference; fileEncoding = 4; lastKnownFileType = sourcecode.swift; path = DefectModel.swift; sourceTree = "<group>"; };
		18E039FB1D2430A9000F17B4 /* DefectCellChecking.swift */ = {isa = PBXFileReference; fileEncoding = 4; lastKnownFileType = sourcecode.swift; path = DefectCellChecking.swift; sourceTree = "<group>"; };
		18EC63981D4C7B4D005E6A54 /* CallService.swift */ = {isa = PBXFileReference; fileEncoding = 4; lastKnownFileType = sourcecode.swift; path = CallService.swift; sourceTree = "<group>"; };
		18F121601D27D6CC0046326F /* ImageViewerController.swift */ = {isa = PBXFileReference; fileEncoding = 4; lastKnownFileType = sourcecode.swift; path = ImageViewerController.swift; sourceTree = "<group>"; };
		18F121621D27EC210046326F /* ImageViewerModel.swift */ = {isa = PBXFileReference; fileEncoding = 4; lastKnownFileType = sourcecode.swift; path = ImageViewerModel.swift; sourceTree = "<group>"; };
		18F37A3C1D243E2B002767F7 /* TTTAttributedLabel.framework */ = {isa = PBXFileReference; lastKnownFileType = wrapper.framework; name = TTTAttributedLabel.framework; path = "Pods/../build/Debug-iphoneos/TTTAttributedLabel.framework"; sourceTree = "<group>"; };
		18F589F61D1804AA00F06813 /* NSStringExtension.swift */ = {isa = PBXFileReference; fileEncoding = 4; lastKnownFileType = sourcecode.swift; path = NSStringExtension.swift; sourceTree = "<group>"; };
		18F589FB1D183AC700F06813 /* CachingManager.swift */ = {isa = PBXFileReference; fileEncoding = 4; lastKnownFileType = sourcecode.swift; path = CachingManager.swift; sourceTree = "<group>"; };
		18F589FD1D183AF400F06813 /* ImageCaching.swift */ = {isa = PBXFileReference; fileEncoding = 4; lastKnownFileType = sourcecode.swift; path = ImageCaching.swift; sourceTree = "<group>"; };
		2B612F85474418356E01E084 /* Pods-RealTransfer.debug.xcconfig */ = {isa = PBXFileReference; includeInIndex = 1; lastKnownFileType = text.xcconfig; name = "Pods-RealTransfer.debug.xcconfig"; path = "Pods/Target Support Files/Pods-RealTransfer/Pods-RealTransfer.debug.xcconfig"; sourceTree = "<group>"; };
		418BCD69E7A020F1D1E5839B /* Pods_RealTransfer.framework */ = {isa = PBXFileReference; explicitFileType = wrapper.framework; includeInIndex = 0; path = Pods_RealTransfer.framework; sourceTree = BUILT_PRODUCTS_DIR; };
		5204FF431D06D55E00A3991B /* NZSplitViewController.swift */ = {isa = PBXFileReference; fileEncoding = 4; lastKnownFileType = sourcecode.swift; path = NZSplitViewController.swift; sourceTree = "<group>"; };
		520AC6721D094C3C000A8754 /* NZAutoComplete.storyboard */ = {isa = PBXFileReference; fileEncoding = 4; lastKnownFileType = file.storyboard; path = NZAutoComplete.storyboard; sourceTree = "<group>"; };
		520AC6741D094C6D000A8754 /* NZAutoCompleteViewController.swift */ = {isa = PBXFileReference; fileEncoding = 4; lastKnownFileType = sourcecode.swift; path = NZAutoCompleteViewController.swift; sourceTree = "<group>"; };
		520AC6771D094D49000A8754 /* AutoCompleteModel.swift */ = {isa = PBXFileReference; fileEncoding = 4; lastKnownFileType = sourcecode.swift; path = AutoCompleteModel.swift; sourceTree = "<group>"; };
		520AC6791D094D76000A8754 /* NZAutoCompleteCell.swift */ = {isa = PBXFileReference; fileEncoding = 4; lastKnownFileType = sourcecode.swift; path = NZAutoCompleteCell.swift; sourceTree = "<group>"; };
		520AC67C1D096236000A8754 /* AddDefectViewController.swift */ = {isa = PBXFileReference; fileEncoding = 4; lastKnownFileType = sourcecode.swift; path = AddDefectViewController.swift; sourceTree = "<group>"; };
		5218E5741D09123C008B5402 /* NZDropDowCell.swift */ = {isa = PBXFileReference; fileEncoding = 4; lastKnownFileType = sourcecode.swift; path = NZDropDowCell.swift; sourceTree = "<group>"; };
		521A7B231D05277700971B7B /* UIViewExtension.swift */ = {isa = PBXFileReference; fileEncoding = 4; lastKnownFileType = sourcecode.swift; path = UIViewExtension.swift; sourceTree = "<group>"; };
		521A7B251D05291900971B7B /* UIColorExtension.swift */ = {isa = PBXFileReference; fileEncoding = 4; lastKnownFileType = sourcecode.swift; path = UIColorExtension.swift; sourceTree = "<group>"; };
		521A7B271D05305200971B7B /* UIFontExtention.swift */ = {isa = PBXFileReference; fileEncoding = 4; lastKnownFileType = sourcecode.swift; path = UIFontExtention.swift; sourceTree = "<group>"; };
		521A7B291D05349B00971B7B /* SukhumvitSet.ttc */ = {isa = PBXFileReference; lastKnownFileType = file; path = SukhumvitSet.ttc; sourceTree = "<group>"; };
		521A7B301D05504C00971B7B /* Queue.swift */ = {isa = PBXFileReference; fileEncoding = 4; lastKnownFileType = sourcecode.swift; path = Queue.swift; sourceTree = "<group>"; };
		521A7B321D0552B400971B7B /* ProjectCollectionViewCell.swift */ = {isa = PBXFileReference; fileEncoding = 4; lastKnownFileType = sourcecode.swift; path = ProjectCollectionViewCell.swift; sourceTree = "<group>"; };
		5240D9FC1D07F6CC0071D287 /* DefectListViewController.swift */ = {isa = PBXFileReference; fileEncoding = 4; lastKnownFileType = sourcecode.swift; path = DefectListViewController.swift; sourceTree = "<group>"; };
		5240D9FE1D07F7610071D287 /* DefectCell.swift */ = {isa = PBXFileReference; fileEncoding = 4; lastKnownFileType = sourcecode.swift; path = DefectCell.swift; sourceTree = "<group>"; };
		5240DA031D0809F20071D287 /* NZDropDown.storyboard */ = {isa = PBXFileReference; fileEncoding = 4; lastKnownFileType = file.storyboard; path = NZDropDown.storyboard; sourceTree = "<group>"; };
		5240DA051D080A1E0071D287 /* NZDropDownViewController.swift */ = {isa = PBXFileReference; fileEncoding = 4; lastKnownFileType = sourcecode.swift; path = NZDropDownViewController.swift; sourceTree = "<group>"; };
		52499B091D06A19F0003F6D5 /* CellLabelStatic.swift */ = {isa = PBXFileReference; fileEncoding = 4; lastKnownFileType = sourcecode.swift; path = CellLabelStatic.swift; sourceTree = "<group>"; };
		52499B0C1D06B70C0003F6D5 /* RowModel.swift */ = {isa = PBXFileReference; fileEncoding = 4; lastKnownFileType = sourcecode.swift; path = RowModel.swift; sourceTree = "<group>"; };
		52499B0E1D06BA410003F6D5 /* CellDropDown.swift */ = {isa = PBXFileReference; fileEncoding = 4; lastKnownFileType = sourcecode.swift; path = CellDropDown.swift; sourceTree = "<group>"; };
		52499B101D06BD110003F6D5 /* CellTxtSearch.swift */ = {isa = PBXFileReference; fileEncoding = 4; lastKnownFileType = sourcecode.swift; path = CellTxtSearch.swift; sourceTree = "<group>"; };
		52499B121D06C70C0003F6D5 /* CellInfoLabel.swift */ = {isa = PBXFileReference; fileEncoding = 4; lastKnownFileType = sourcecode.swift; path = CellInfoLabel.swift; sourceTree = "<group>"; };
		52499B141D06C7CF0003F6D5 /* RowInfoModel.swift */ = {isa = PBXFileReference; fileEncoding = 4; lastKnownFileType = sourcecode.swift; path = RowInfoModel.swift; sourceTree = "<group>"; };
		5284FD601D05763D006C5D1B /* DefectViewController.swift */ = {isa = PBXFileReference; fileEncoding = 4; lastKnownFileType = sourcecode.swift; path = DefectViewController.swift; sourceTree = "<group>"; };
		529055EA1D0518DE00B7D28C /* Real Transfer.app */ = {isa = PBXFileReference; explicitFileType = wrapper.application; includeInIndex = 0; path = "Real Transfer.app"; sourceTree = BUILT_PRODUCTS_DIR; };
		529055ED1D0518DE00B7D28C /* AppDelegate.swift */ = {isa = PBXFileReference; lastKnownFileType = sourcecode.swift; path = AppDelegate.swift; sourceTree = "<group>"; };
		529055F21D0518DE00B7D28C /* Base */ = {isa = PBXFileReference; lastKnownFileType = file.storyboard; name = Base; path = Base.lproj/Main.storyboard; sourceTree = "<group>"; };
		529055F51D0518DE00B7D28C /* RealTransfer.xcdatamodel */ = {isa = PBXFileReference; lastKnownFileType = wrapper.xcdatamodel; path = RealTransfer.xcdatamodel; sourceTree = "<group>"; };
		529055F71D0518DE00B7D28C /* Assets.xcassets */ = {isa = PBXFileReference; lastKnownFileType = folder.assetcatalog; path = Assets.xcassets; sourceTree = "<group>"; };
		529055FA1D0518DE00B7D28C /* Base */ = {isa = PBXFileReference; lastKnownFileType = file.storyboard; name = Base; path = Base.lproj/LaunchScreen.storyboard; sourceTree = "<group>"; };
		529055FC1D0518DE00B7D28C /* Info.plist */ = {isa = PBXFileReference; lastKnownFileType = text.plist.xml; path = Info.plist; sourceTree = "<group>"; };
		529056041D0519EE00B7D28C /* NZNav.storyboard */ = {isa = PBXFileReference; fileEncoding = 4; lastKnownFileType = file.storyboard; path = NZNav.storyboard; sourceTree = "<group>"; };
		529056051D0519EE00B7D28C /* NZNavigationViewController.swift */ = {isa = PBXFileReference; fileEncoding = 4; lastKnownFileType = sourcecode.swift; path = NZNavigationViewController.swift; sourceTree = "<group>"; };
		529056061D0519EE00B7D28C /* NZViewController.swift */ = {isa = PBXFileReference; fileEncoding = 4; lastKnownFileType = sourcecode.swift; path = NZViewController.swift; sourceTree = "<group>"; };
		529056081D0519EE00B7D28C /* NZPopoverView.swift */ = {isa = PBXFileReference; fileEncoding = 4; lastKnownFileType = sourcecode.swift; path = NZPopoverView.swift; sourceTree = "<group>"; };
		529056091D0519EE00B7D28C /* NZRow.swift */ = {isa = PBXFileReference; fileEncoding = 4; lastKnownFileType = sourcecode.swift; path = NZRow.swift; sourceTree = "<group>"; };
		529056101D051B3F00B7D28C /* LoginViewController.swift */ = {isa = PBXFileReference; fileEncoding = 4; lastKnownFileType = sourcecode.swift; path = LoginViewController.swift; sourceTree = "<group>"; };
		529056131D051C6B00B7D28C /* ProjectViewController.swift */ = {isa = PBXFileReference; fileEncoding = 4; lastKnownFileType = sourcecode.swift; path = ProjectViewController.swift; sourceTree = "<group>"; };
		5299C3CD1D066C810021DD97 /* GettingStartViewController.swift */ = {isa = PBXFileReference; fileEncoding = 4; lastKnownFileType = sourcecode.swift; path = GettingStartViewController.swift; sourceTree = "<group>"; };
		529F94751D0924A40089ED52 /* DropDownModel.swift */ = {isa = PBXFileReference; fileEncoding = 4; lastKnownFileType = sourcecode.swift; path = DropDownModel.swift; sourceTree = "<group>"; };
		52C09DE21D096E7C0094405D /* MobileCoreServices.framework */ = {isa = PBXFileReference; lastKnownFileType = wrapper.framework; name = MobileCoreServices.framework; path = System/Library/Frameworks/MobileCoreServices.framework; sourceTree = SDKROOT; };
		E6C5D39B4B85C857D3B9D77F /* Pods-RealTransfer.release.xcconfig */ = {isa = PBXFileReference; includeInIndex = 1; lastKnownFileType = text.xcconfig; name = "Pods-RealTransfer.release.xcconfig"; path = "Pods/Target Support Files/Pods-RealTransfer/Pods-RealTransfer.release.xcconfig"; sourceTree = "<group>"; };
/* End PBXFileReference section */

/* Begin PBXFrameworksBuildPhase section */
		529055E71D0518DE00B7D28C /* Frameworks */ = {
			isa = PBXFrameworksBuildPhase;
			buildActionMask = 2147483647;
			files = (
				1886062C1D43A58400B2CD7C /* Photos.framework in Frameworks */,
				188606281D43997F00B2CD7C /* ReachabilitySwift.framework in Frameworks */,
				1876D5131D3E372300B6FAA1 /* QuartzCore.framework in Frameworks */,
				18F37A3D1D243E2B002767F7 /* TTTAttributedLabel.framework in Frameworks */,
				180AD4601D199E56000D802B /* KMPlaceholderTextView.framework in Frameworks */,
				18DF98961D146280004BE990 /* SDWebImage.framework in Frameworks */,
				1889D9E11D1451FC0095507F /* SwiftSpinner.framework in Frameworks */,
				52C09DE31D096E7C0094405D /* MobileCoreServices.framework in Frameworks */,
				0BC5982B12BA80B76DCC54AD /* Pods_RealTransfer.framework in Frameworks */,
			);
			runOnlyForDeploymentPostprocessing = 0;
		};
/* End PBXFrameworksBuildPhase section */

/* Begin PBXGroup section */
		1854F69A1D12FC46003B9FE0 /* Models */ = {
			isa = PBXGroup;
			children = (
				18AACE161D145ACA0098F5BA /* ProjectModel.swift */,
				1854F69B1D12FC54003B9FE0 /* User.swift */,
				1854F6AC1D130865003B9FE0 /* Model.swift */,
				18DF98971D14F31E004BE990 /* Building.swift */,
				18DF98991D150C76004BE990 /* CSRoleModel.swift */,
				18DF989B1D15180B004BE990 /* Room.swift */,
				18DF989D1D152F2C004BE990 /* DefectRoom.swift */,
				18DF989F1D155AFF004BE990 /* DefectModel.swift */,
				180098201D164A4C00BB11FD /* Sync.swift */,
				185E073F1D202B510049F30B /* CustomerInfo.swift */,
				1855570D1D77CDAB00F58906 /* Pin.swift */,
			);
			path = Models;
			sourceTree = "<group>";
		};
		18F1215F1D27D6B60046326F /* ImageViwer */ = {
			isa = PBXGroup;
			children = (
				18F121601D27D6CC0046326F /* ImageViewerController.swift */,
				18F121621D27EC210046326F /* ImageViewerModel.swift */,
			);
			path = ImageViwer;
			sourceTree = "<group>";
		};
		18F589FA1D183ABF00F06813 /* Lib */ = {
			isa = PBXGroup;
			children = (
				188606521D44CCD200B2CD7C /* NZSwitch.swift */,
				18F589FB1D183AC700F06813 /* CachingManager.swift */,
				18F589FD1D183AF400F06813 /* ImageCaching.swift */,
				180AD45D1D1953E5000D802B /* BuildingCaching.swift */,
				18CA73101D1C13120021712B /* AlertUtil.swift */,
				181D5C521D1CE5D5000DD110 /* PathUtil.swift */,
				1876D5141D3E6D3E00B6FAA1 /* GalleryImagePickerController.swift */,
				182290211D43968100F94652 /* NetworkDetection.swift */,
				188606291D43A4C600B2CD7C /* CameraRoll.swift */,
				18EC63981D4C7B4D005E6A54 /* CallService.swift */,
				1855570F1D79547B00F58906 /* Session.swift */,
			);
			path = Lib;
			sourceTree = "<group>";
		};
		1EAD2F54B04E9A129DABE888 /* Pods */ = {
			isa = PBXGroup;
			children = (
				2B612F85474418356E01E084 /* Pods-RealTransfer.debug.xcconfig */,
				E6C5D39B4B85C857D3B9D77F /* Pods-RealTransfer.release.xcconfig */,
			);
			name = Pods;
			sourceTree = "<group>";
		};
		44444307A5AF2D6255AC4ADE /* Frameworks */ = {
			isa = PBXGroup;
			children = (
				1886062B1D43A58400B2CD7C /* Photos.framework */,
				188606271D43997F00B2CD7C /* ReachabilitySwift.framework */,
				1876D5121D3E372300B6FAA1 /* QuartzCore.framework */,
				18F37A3C1D243E2B002767F7 /* TTTAttributedLabel.framework */,
				180AD45F1D199E56000D802B /* KMPlaceholderTextView.framework */,
				18DF98951D146280004BE990 /* SDWebImage.framework */,
				1889D9E01D1451FC0095507F /* SwiftSpinner.framework */,
				1889D9DD1D1450400095507F /* AlamofireNetworkActivityIndicator.framework */,
				418BCD69E7A020F1D1E5839B /* Pods_RealTransfer.framework */,
			);
			name = Frameworks;
			sourceTree = "<group>";
		};
		520AC6711D094C25000A8754 /* NZAutoCompleteTextField */ = {
			isa = PBXGroup;
			children = (
				520AC6761D094D30000A8754 /* model */,
				520AC6721D094C3C000A8754 /* NZAutoComplete.storyboard */,
				520AC6741D094C6D000A8754 /* NZAutoCompleteViewController.swift */,
				520AC6791D094D76000A8754 /* NZAutoCompleteCell.swift */,
			);
			path = NZAutoCompleteTextField;
			sourceTree = "<group>";
		};
		520AC6761D094D30000A8754 /* model */ = {
			isa = PBXGroup;
			children = (
				520AC6771D094D49000A8754 /* AutoCompleteModel.swift */,
			);
			path = model;
			sourceTree = "<group>";
		};
		520AC67B1D096226000A8754 /* AddDefect */ = {
			isa = PBXGroup;
			children = (
				520AC67C1D096236000A8754 /* AddDefectViewController.swift */,
				184E425D1D0C2EA20073CF60 /* AddDefectDetailViewController.swift */,
			);
			path = AddDefect;
			sourceTree = "<group>";
		};
		521A7B221D05274800971B7B /* Extention */ = {
			isa = PBXGroup;
			children = (
				521A7B231D05277700971B7B /* UIViewExtension.swift */,
				521A7B251D05291900971B7B /* UIColorExtension.swift */,
				521A7B271D05305200971B7B /* UIFontExtention.swift */,
				1800981E1D159DF700BB11FD /* NSDateFormaterExtension.swift */,
				18521DFC1D16B64D00B9622C /* UIImageExtension.swift */,
				18F589F61D1804AA00F06813 /* NSStringExtension.swift */,
				185144541D2632D3007420C2 /* UIViewControllerExtension.swift */,
			);
			path = Extention;
			sourceTree = "<group>";
		};
		521A7B2F1D05503100971B7B /* Queue */ = {
			isa = PBXGroup;
			children = (
				521A7B301D05504C00971B7B /* Queue.swift */,
			);
			path = Queue;
			sourceTree = "<group>";
		};
		5240DA021D0809E20071D287 /* NZDropDown */ = {
			isa = PBXGroup;
			children = (
				529F94741D0924930089ED52 /* model */,
				5240DA031D0809F20071D287 /* NZDropDown.storyboard */,
				5240DA051D080A1E0071D287 /* NZDropDownViewController.swift */,
				5218E5741D09123C008B5402 /* NZDropDowCell.swift */,
				184E425F1D0C4BFD0073CF60 /* NZDropDownIconColorCell.swift */,
			);
			path = NZDropDown;
			sourceTree = "<group>";
		};
		52499B081D06A1890003F6D5 /* cell */ = {
			isa = PBXGroup;
			children = (
				52499B0B1D06B6F60003F6D5 /* Model */,
				52499B091D06A19F0003F6D5 /* CellLabelStatic.swift */,
				187F40561D6D8B9E0022EB01 /* CellCusInfo.swift */,
				52499B0E1D06BA410003F6D5 /* CellDropDown.swift */,
				52499B101D06BD110003F6D5 /* CellTxtSearch.swift */,
				52499B121D06C70C0003F6D5 /* CellInfoLabel.swift */,
				5240D9FE1D07F7610071D287 /* DefectCell.swift */,
				18E039FB1D2430A9000F17B4 /* DefectCellChecking.swift */,
			);
			path = cell;
			sourceTree = "<group>";
		};
		52499B0B1D06B6F60003F6D5 /* Model */ = {
			isa = PBXGroup;
			children = (
				52499B0C1D06B70C0003F6D5 /* RowModel.swift */,
				52499B141D06C7CF0003F6D5 /* RowInfoModel.swift */,
			);
			path = Model;
			sourceTree = "<group>";
		};
		5284FD5F1D05762A006C5D1B /* Defect */ = {
			isa = PBXGroup;
			children = (
				52499B081D06A1890003F6D5 /* cell */,
				5284FD601D05763D006C5D1B /* DefectViewController.swift */,
				5299C3CD1D066C810021DD97 /* GettingStartViewController.swift */,
				5240D9FC1D07F6CC0071D287 /* DefectListViewController.swift */,
				184E42651D0DB7DC0073CF60 /* CustomerInfoViewController.swift */,
				18C0C20D1D21881B00B079BB /* GaranteeListViewController.swift */,
				186537121D22E28B00A11F49 /* DefectListCheckingViewController.swift */,
			);
			path = Defect;
			sourceTree = "<group>";
		};
		529055E11D0518DE00B7D28C = {
			isa = PBXGroup;
			children = (
				18AACE181D1461880098F5BA /* RealTransfer-Bridging-Header.h */,
				52C09DE21D096E7C0094405D /* MobileCoreServices.framework */,
				529055EC1D0518DE00B7D28C /* RealTransfer */,
				529055EB1D0518DE00B7D28C /* Products */,
				1EAD2F54B04E9A129DABE888 /* Pods */,
				44444307A5AF2D6255AC4ADE /* Frameworks */,
			);
			sourceTree = "<group>";
		};
		529055EB1D0518DE00B7D28C /* Products */ = {
			isa = PBXGroup;
			children = (
				529055EA1D0518DE00B7D28C /* Real Transfer.app */,
			);
			name = Products;
			sourceTree = "<group>";
		};
		529055EC1D0518DE00B7D28C /* RealTransfer */ = {
			isa = PBXGroup;
			children = (
				18F589FA1D183ABF00F06813 /* Lib */,
				1854F69A1D12FC46003B9FE0 /* Models */,
				529056021D0519EE00B7D28C /* Libraries */,
				521A7B221D05274800971B7B /* Extention */,
				5290560F1D051B3200B7D28C /* Login */,
				5284FD5F1D05762A006C5D1B /* Defect */,
				520AC67B1D096226000A8754 /* AddDefect */,
				18F1215F1D27D6B60046326F /* ImageViwer */,
				529056121D051C6000B7D28C /* Project */,
				529055ED1D0518DE00B7D28C /* AppDelegate.swift */,
				529055F11D0518DE00B7D28C /* Main.storyboard */,
				529055F71D0518DE00B7D28C /* Assets.xcassets */,
				529055F91D0518DE00B7D28C /* LaunchScreen.storyboard */,
				185F145B1D7D9BF4005B457A /* GoogleService-Info.plist */,
				529055FC1D0518DE00B7D28C /* Info.plist */,
				529055F41D0518DE00B7D28C /* RealTransfer.xcdatamodeld */,
				521A7B291D05349B00971B7B /* SukhumvitSet.ttc */,
				1800981A1D157FE700BB11FD /* Category.swift */,
			);
			path = RealTransfer;
			sourceTree = "<group>";
		};
		529056021D0519EE00B7D28C /* Libraries */ = {
			isa = PBXGroup;
			children = (
				520AC6711D094C25000A8754 /* NZAutoCompleteTextField */,
				5240DA021D0809E20071D287 /* NZDropDown */,
				521A7B2F1D05503100971B7B /* Queue */,
				529056031D0519EE00B7D28C /* NZNavigationController */,
				529056071D0519EE00B7D28C /* NZPopover */,
			);
			path = Libraries;
			sourceTree = "<group>";
		};
		529056031D0519EE00B7D28C /* NZNavigationController */ = {
			isa = PBXGroup;
			children = (
				529056041D0519EE00B7D28C /* NZNav.storyboard */,
				529056051D0519EE00B7D28C /* NZNavigationViewController.swift */,
				529056061D0519EE00B7D28C /* NZViewController.swift */,
				5204FF431D06D55E00A3991B /* NZSplitViewController.swift */,
			);
			path = NZNavigationController;
			sourceTree = "<group>";
		};
		529056071D0519EE00B7D28C /* NZPopover */ = {
			isa = PBXGroup;
			children = (
				529056081D0519EE00B7D28C /* NZPopoverView.swift */,
				529056091D0519EE00B7D28C /* NZRow.swift */,
			);
			path = NZPopover;
			sourceTree = "<group>";
		};
		5290560F1D051B3200B7D28C /* Login */ = {
			isa = PBXGroup;
			children = (
				529056101D051B3F00B7D28C /* LoginViewController.swift */,
				186AB4201D55C19F00DEEBFA /* URLConfigViewController.swift */,
			);
			path = Login;
			sourceTree = "<group>";
		};
		529056121D051C6000B7D28C /* Project */ = {
			isa = PBXGroup;
			children = (
				529056131D051C6B00B7D28C /* ProjectViewController.swift */,
				521A7B321D0552B400971B7B /* ProjectCollectionViewCell.swift */,
			);
			path = Project;
			sourceTree = "<group>";
		};
		529F94741D0924930089ED52 /* model */ = {
			isa = PBXGroup;
			children = (
				529F94751D0924A40089ED52 /* DropDownModel.swift */,
			);
			path = model;
			sourceTree = "<group>";
		};
/* End PBXGroup section */

/* Begin PBXNativeTarget section */
		529055E91D0518DE00B7D28C /* RealTransfer */ = {
			isa = PBXNativeTarget;
			buildConfigurationList = 529055FF1D0518DE00B7D28C /* Build configuration list for PBXNativeTarget "RealTransfer" */;
			buildPhases = (
				8B3B36D5C476EEB1F63DE56E /* Check Pods Manifest.lock */,
				529055E61D0518DE00B7D28C /* Sources */,
				529055E71D0518DE00B7D28C /* Frameworks */,
				529055E81D0518DE00B7D28C /* Resources */,
				306D828509B3C26AB0B44397 /* Embed Pods Frameworks */,
				DDFD2E74F37D2763B16BD205 /* Copy Pods Resources */,
				185F14581D7D7C9F005B457A /* ShellScript */,
			);
			buildRules = (
			);
			dependencies = (
			);
			name = RealTransfer;
			productName = RealTransfer;
			productReference = 529055EA1D0518DE00B7D28C /* Real Transfer.app */;
			productType = "com.apple.product-type.application";
		};
/* End PBXNativeTarget section */

/* Begin PBXProject section */
		529055E21D0518DE00B7D28C /* Project object */ = {
			isa = PBXProject;
			attributes = {
				LastSwiftUpdateCheck = 0720;
				LastUpgradeCheck = 0720;
				ORGANIZATIONNAME = nuizoro;
				TargetAttributes = {
					529055E91D0518DE00B7D28C = {
						CreatedOnToolsVersion = 7.2;
					};
				};
			};
			buildConfigurationList = 529055E51D0518DE00B7D28C /* Build configuration list for PBXProject "RealTransfer" */;
			compatibilityVersion = "Xcode 3.2";
			developmentRegion = English;
			hasScannedForEncodings = 0;
			knownRegions = (
				en,
				Base,
			);
			mainGroup = 529055E11D0518DE00B7D28C;
			productRefGroup = 529055EB1D0518DE00B7D28C /* Products */;
			projectDirPath = "";
			projectRoot = "";
			targets = (
				529055E91D0518DE00B7D28C /* RealTransfer */,
			);
		};
/* End PBXProject section */

/* Begin PBXResourcesBuildPhase section */
		529055E81D0518DE00B7D28C /* Resources */ = {
			isa = PBXResourcesBuildPhase;
			buildActionMask = 2147483647;
			files = (
				520AC6731D094C3C000A8754 /* NZAutoComplete.storyboard in Resources */,
				185F145C1D7D9BF4005B457A /* GoogleService-Info.plist in Resources */,
				521A7B2A1D0534FD00971B7B /* SukhumvitSet.ttc in Resources */,
				5290560A1D0519EE00B7D28C /* NZNav.storyboard in Resources */,
				529055FB1D0518DE00B7D28C /* LaunchScreen.storyboard in Resources */,
				529055F81D0518DE00B7D28C /* Assets.xcassets in Resources */,
				529055F31D0518DE00B7D28C /* Main.storyboard in Resources */,
				5240DA041D0809F20071D287 /* NZDropDown.storyboard in Resources */,
			);
			runOnlyForDeploymentPostprocessing = 0;
		};
/* End PBXResourcesBuildPhase section */

/* Begin PBXShellScriptBuildPhase section */
		185F14581D7D7C9F005B457A /* ShellScript */ = {
			isa = PBXShellScriptBuildPhase;
			buildActionMask = 2147483647;
			files = (
			);
			inputPaths = (
			);
			outputPaths = (
			);
			runOnlyForDeploymentPostprocessing = 0;
			shellPath = /bin/sh;
			shellScript = "# Replace this with the GOOGLE_APP_ID from your GoogleService-Info.plist file\nGOOGLE_APP_ID=1:1050023509107:ios:4d6375d0bc58014f\n\n# Replace the /Path/To/ServiceAccount.json with the path to the key you just downloaded\n\"${PODS_ROOT}\"/FirebaseCrash/upload-sym \"RealTransfer/ServiceAccount.json\"";
		};
		306D828509B3C26AB0B44397 /* Embed Pods Frameworks */ = {
			isa = PBXShellScriptBuildPhase;
			buildActionMask = 2147483647;
			files = (
			);
			inputPaths = (
			);
			name = "Embed Pods Frameworks";
			outputPaths = (
			);
			runOnlyForDeploymentPostprocessing = 0;
			shellPath = /bin/sh;
			shellScript = "\"${SRCROOT}/Pods/Target Support Files/Pods-RealTransfer/Pods-RealTransfer-frameworks.sh\"\n";
			showEnvVarsInLog = 0;
		};
		8B3B36D5C476EEB1F63DE56E /* Check Pods Manifest.lock */ = {
			isa = PBXShellScriptBuildPhase;
			buildActionMask = 2147483647;
			files = (
			);
			inputPaths = (
			);
			name = "Check Pods Manifest.lock";
			outputPaths = (
			);
			runOnlyForDeploymentPostprocessing = 0;
			shellPath = /bin/sh;
			shellScript = "diff \"${PODS_ROOT}/../Podfile.lock\" \"${PODS_ROOT}/Manifest.lock\" > /dev/null\nif [[ $? != 0 ]] ; then\n    cat << EOM\nerror: The sandbox is not in sync with the Podfile.lock. Run 'pod install' or update your CocoaPods installation.\nEOM\n    exit 1\nfi\n";
			showEnvVarsInLog = 0;
		};
		DDFD2E74F37D2763B16BD205 /* Copy Pods Resources */ = {
			isa = PBXShellScriptBuildPhase;
			buildActionMask = 2147483647;
			files = (
			);
			inputPaths = (
			);
			name = "Copy Pods Resources";
			outputPaths = (
			);
			runOnlyForDeploymentPostprocessing = 0;
			shellPath = /bin/sh;
			shellScript = "\"${SRCROOT}/Pods/Target Support Files/Pods-RealTransfer/Pods-RealTransfer-resources.sh\"\n";
			showEnvVarsInLog = 0;
		};
/* End PBXShellScriptBuildPhase section */

/* Begin PBXSourcesBuildPhase section */
		529055E61D0518DE00B7D28C /* Sources */ = {
			isa = PBXSourcesBuildPhase;
			buildActionMask = 2147483647;
			files = (
				5290560B1D0519EE00B7D28C /* NZNavigationViewController.swift in Sources */,
				18DF98981D14F31E004BE990 /* Building.swift in Sources */,
				18E039FC1D2430A9000F17B4 /* DefectCellChecking.swift in Sources */,
				5284FD611D05763D006C5D1B /* DefectViewController.swift in Sources */,
				521A7B281D05305200971B7B /* UIFontExtention.swift in Sources */,
				5290560D1D0519EE00B7D28C /* NZPopoverView.swift in Sources */,
				18DF989C1D15180B004BE990 /* Room.swift in Sources */,
				185E07401D202B510049F30B /* CustomerInfo.swift in Sources */,
				186537131D22E28B00A11F49 /* DefectListCheckingViewController.swift in Sources */,
				187F40571D6D8B9E0022EB01 /* CellCusInfo.swift in Sources */,
				188606531D44CCD200B2CD7C /* NZSwitch.swift in Sources */,
				5218E5751D09123C008B5402 /* NZDropDowCell.swift in Sources */,
				18CA73111D1C13120021712B /* AlertUtil.swift in Sources */,
				1855570E1D77CDAB00F58906 /* Pin.swift in Sources */,
				52499B0F1D06BA410003F6D5 /* CellDropDown.swift in Sources */,
				5204FF441D06D55E00A3991B /* NZSplitViewController.swift in Sources */,
				5299C3CE1D066C810021DD97 /* GettingStartViewController.swift in Sources */,
				18C0C20E1D21881B00B079BB /* GaranteeListViewController.swift in Sources */,
				184E42661D0DB7DC0073CF60 /* CustomerInfoViewController.swift in Sources */,
				520AC67D1D096236000A8754 /* AddDefectViewController.swift in Sources */,
				1800981F1D159DF700BB11FD /* NSDateFormaterExtension.swift in Sources */,
				5240D9FD1D07F6CC0071D287 /* DefectListViewController.swift in Sources */,
				5290560E1D0519EE00B7D28C /* NZRow.swift in Sources */,
				18DF989E1D152F2C004BE990 /* DefectRoom.swift in Sources */,
				529056111D051B3F00B7D28C /* LoginViewController.swift in Sources */,
				520AC6781D094D49000A8754 /* AutoCompleteModel.swift in Sources */,
				520AC67A1D094D76000A8754 /* NZAutoCompleteCell.swift in Sources */,
				52499B111D06BD110003F6D5 /* CellTxtSearch.swift in Sources */,
				529F94761D0924A40089ED52 /* DropDownModel.swift in Sources */,
				184E425E1D0C2EA20073CF60 /* AddDefectDetailViewController.swift in Sources */,
				529056141D051C6B00B7D28C /* ProjectViewController.swift in Sources */,
				52499B0D1D06B70C0003F6D5 /* RowModel.swift in Sources */,
				52499B131D06C70C0003F6D5 /* CellInfoLabel.swift in Sources */,
				18521DFD1D16B64D00B9622C /* UIImageExtension.swift in Sources */,
				52499B0A1D06A19F0003F6D5 /* CellLabelStatic.swift in Sources */,
				1854F69C1D12FC54003B9FE0 /* User.swift in Sources */,
				18F121631D27EC210046326F /* ImageViewerModel.swift in Sources */,
				521A7B331D0552B400971B7B /* ProjectCollectionViewCell.swift in Sources */,
				529055F61D0518DE00B7D28C /* RealTransfer.xcdatamodeld in Sources */,
				185144551D2632D3007420C2 /* UIViewControllerExtension.swift in Sources */,
				18AACE171D145ACA0098F5BA /* ProjectModel.swift in Sources */,
				520AC6751D094C6D000A8754 /* NZAutoCompleteViewController.swift in Sources */,
				182290221D43968100F94652 /* NetworkDetection.swift in Sources */,
				18F589FE1D183AF400F06813 /* ImageCaching.swift in Sources */,
				180AD45E1D1953E5000D802B /* BuildingCaching.swift in Sources */,
				5240DA061D080A1E0071D287 /* NZDropDownViewController.swift in Sources */,
				18F121611D27D6CC0046326F /* ImageViewerController.swift in Sources */,
				521A7B311D05504C00971B7B /* Queue.swift in Sources */,
				18DF98A01D155AFF004BE990 /* DefectModel.swift in Sources */,
				186AB4211D55C19F00DEEBFA /* URLConfigViewController.swift in Sources */,
				18F589F71D1804AA00F06813 /* NSStringExtension.swift in Sources */,
				1876D5151D3E6D3E00B6FAA1 /* GalleryImagePickerController.swift in Sources */,
				185557101D79547B00F58906 /* Session.swift in Sources */,
				52499B151D06C7CF0003F6D5 /* RowInfoModel.swift in Sources */,
				181D5C531D1CE5D5000DD110 /* PathUtil.swift in Sources */,
				184E42601D0C4BFD0073CF60 /* NZDropDownIconColorCell.swift in Sources */,
				521A7B241D05277700971B7B /* UIViewExtension.swift in Sources */,
				521A7B261D05291900971B7B /* UIColorExtension.swift in Sources */,
				1886062A1D43A4C600B2CD7C /* CameraRoll.swift in Sources */,
				18F589FC1D183AC700F06813 /* CachingManager.swift in Sources */,
				5240D9FF1D07F7610071D287 /* DefectCell.swift in Sources */,
				18EC63991D4C7B4D005E6A54 /* CallService.swift in Sources */,
				1854F6AD1D130865003B9FE0 /* Model.swift in Sources */,
				180098211D164A4C00BB11FD /* Sync.swift in Sources */,
				18DF989A1D150C76004BE990 /* CSRoleModel.swift in Sources */,
				5290560C1D0519EE00B7D28C /* NZViewController.swift in Sources */,
				529055EE1D0518DE00B7D28C /* AppDelegate.swift in Sources */,
				1800981B1D157FE700BB11FD /* Category.swift in Sources */,
			);
			runOnlyForDeploymentPostprocessing = 0;
		};
/* End PBXSourcesBuildPhase section */

/* Begin PBXVariantGroup section */
		529055F11D0518DE00B7D28C /* Main.storyboard */ = {
			isa = PBXVariantGroup;
			children = (
				529055F21D0518DE00B7D28C /* Base */,
			);
			name = Main.storyboard;
			sourceTree = "<group>";
		};
		529055F91D0518DE00B7D28C /* LaunchScreen.storyboard */ = {
			isa = PBXVariantGroup;
			children = (
				529055FA1D0518DE00B7D28C /* Base */,
			);
			name = LaunchScreen.storyboard;
			sourceTree = "<group>";
		};
/* End PBXVariantGroup section */

/* Begin XCBuildConfiguration section */
		529055FD1D0518DE00B7D28C /* Debug */ = {
			isa = XCBuildConfiguration;
			buildSettings = {
				ALWAYS_SEARCH_USER_PATHS = NO;
				CLANG_CXX_LANGUAGE_STANDARD = "gnu++0x";
				CLANG_CXX_LIBRARY = "libc++";
				CLANG_ENABLE_MODULES = YES;
				CLANG_ENABLE_OBJC_ARC = YES;
				CLANG_WARN_BOOL_CONVERSION = YES;
				CLANG_WARN_CONSTANT_CONVERSION = YES;
				CLANG_WARN_DIRECT_OBJC_ISA_USAGE = YES_ERROR;
				CLANG_WARN_EMPTY_BODY = YES;
				CLANG_WARN_ENUM_CONVERSION = YES;
				CLANG_WARN_INT_CONVERSION = YES;
				CLANG_WARN_OBJC_ROOT_CLASS = YES_ERROR;
				CLANG_WARN_UNREACHABLE_CODE = YES;
				CLANG_WARN__DUPLICATE_METHOD_MATCH = YES;
				"CODE_SIGN_IDENTITY[sdk=iphoneos*]" = "iPhone Developer";
				COPY_PHASE_STRIP = NO;
				DEBUG_INFORMATION_FORMAT = dwarf;
				ENABLE_STRICT_OBJC_MSGSEND = YES;
				ENABLE_TESTABILITY = YES;
				GCC_C_LANGUAGE_STANDARD = gnu99;
				GCC_DYNAMIC_NO_PIC = NO;
				GCC_NO_COMMON_BLOCKS = YES;
				GCC_OPTIMIZATION_LEVEL = 0;
				GCC_PREPROCESSOR_DEFINITIONS = (
					"DEBUG=1",
					"$(inherited)",
				);
				GCC_WARN_64_TO_32_BIT_CONVERSION = YES;
				GCC_WARN_ABOUT_RETURN_TYPE = YES_ERROR;
				GCC_WARN_UNDECLARED_SELECTOR = YES;
				GCC_WARN_UNINITIALIZED_AUTOS = YES_AGGRESSIVE;
				GCC_WARN_UNUSED_FUNCTION = YES;
				GCC_WARN_UNUSED_VARIABLE = YES;
				IPHONEOS_DEPLOYMENT_TARGET = 9.2;
				MTL_ENABLE_DEBUG_INFO = YES;
				ONLY_ACTIVE_ARCH = YES;
				SDKROOT = iphoneos;
				SWIFT_OPTIMIZATION_LEVEL = "-Onone";
			};
			name = Debug;
		};
		529055FE1D0518DE00B7D28C /* Release */ = {
			isa = XCBuildConfiguration;
			buildSettings = {
				ALWAYS_SEARCH_USER_PATHS = NO;
				CLANG_CXX_LANGUAGE_STANDARD = "gnu++0x";
				CLANG_CXX_LIBRARY = "libc++";
				CLANG_ENABLE_MODULES = YES;
				CLANG_ENABLE_OBJC_ARC = YES;
				CLANG_WARN_BOOL_CONVERSION = YES;
				CLANG_WARN_CONSTANT_CONVERSION = YES;
				CLANG_WARN_DIRECT_OBJC_ISA_USAGE = YES_ERROR;
				CLANG_WARN_EMPTY_BODY = YES;
				CLANG_WARN_ENUM_CONVERSION = YES;
				CLANG_WARN_INT_CONVERSION = YES;
				CLANG_WARN_OBJC_ROOT_CLASS = YES_ERROR;
				CLANG_WARN_UNREACHABLE_CODE = YES;
				CLANG_WARN__DUPLICATE_METHOD_MATCH = YES;
				"CODE_SIGN_IDENTITY[sdk=iphoneos*]" = "iPhone Developer";
				COPY_PHASE_STRIP = NO;
				DEBUG_INFORMATION_FORMAT = "dwarf-with-dsym";
				ENABLE_NS_ASSERTIONS = NO;
				ENABLE_STRICT_OBJC_MSGSEND = YES;
				GCC_C_LANGUAGE_STANDARD = gnu99;
				GCC_NO_COMMON_BLOCKS = YES;
				GCC_WARN_64_TO_32_BIT_CONVERSION = YES;
				GCC_WARN_ABOUT_RETURN_TYPE = YES_ERROR;
				GCC_WARN_UNDECLARED_SELECTOR = YES;
				GCC_WARN_UNINITIALIZED_AUTOS = YES_AGGRESSIVE;
				GCC_WARN_UNUSED_FUNCTION = YES;
				GCC_WARN_UNUSED_VARIABLE = YES;
				IPHONEOS_DEPLOYMENT_TARGET = 9.2;
				MTL_ENABLE_DEBUG_INFO = NO;
				SDKROOT = iphoneos;
				VALIDATE_PRODUCT = YES;
			};
			name = Release;
		};
		529056001D0518DE00B7D28C /* Debug */ = {
			isa = XCBuildConfiguration;
			baseConfigurationReference = 2B612F85474418356E01E084 /* Pods-RealTransfer.debug.xcconfig */;
			buildSettings = {
				ASSETCATALOG_COMPILER_APPICON_NAME = AppIcon;
				CODE_SIGN_IDENTITY = "iPhone Developer";
				"CODE_SIGN_IDENTITY[sdk=iphoneos*]" = "iPhone Developer";
				EMBEDDED_CONTENT_CONTAINS_SWIFT = YES;
				EMBED_ASSET_PACKS_IN_PRODUCT_BUNDLE = YES;
				FRAMEWORK_SEARCH_PATHS = (
					"$(inherited)",
					"$(PROJECT_DIR)/build/Debug-iphoneos",
				);
				INFOPLIST_FILE = RealTransfer/Info.plist;
				IPHONEOS_DEPLOYMENT_TARGET = 9.0;
				LD_RUNPATH_SEARCH_PATHS = "$(inherited) @executable_path/Frameworks";
				PRODUCT_BUNDLE_IDENTIFIER = com.mint.RealTransfer;
				PRODUCT_NAME = "Real Transfer";
				PROVISIONING_PROFILE = "";
				SWIFT_INCLUDE_PATHS = "";
				SWIFT_OBJC_BRIDGING_HEADER = "RealTransfer-Bridging-Header.h";
				TARGETED_DEVICE_FAMILY = 2;
			};
			name = Debug;
		};
		529056011D0518DE00B7D28C /* Release */ = {
			isa = XCBuildConfiguration;
			baseConfigurationReference = E6C5D39B4B85C857D3B9D77F /* Pods-RealTransfer.release.xcconfig */;
			buildSettings = {
				ASSETCATALOG_COMPILER_APPICON_NAME = AppIcon;
				CODE_SIGN_IDENTITY = "iPhone Distribution: Arnut Khummin (T827QP7R38)";
				"CODE_SIGN_IDENTITY[sdk=iphoneos*]" = "iPhone Distribution: Arnut Khummin (T827QP7R38)";
				EMBEDDED_CONTENT_CONTAINS_SWIFT = YES;
				EMBED_ASSET_PACKS_IN_PRODUCT_BUNDLE = YES;
				FRAMEWORK_SEARCH_PATHS = (
					"$(inherited)",
					"$(PROJECT_DIR)/build/Debug-iphoneos",
				);
				INFOPLIST_FILE = RealTransfer/Info.plist;
				IPHONEOS_DEPLOYMENT_TARGET = 9.0;
				LD_RUNPATH_SEARCH_PATHS = "$(inherited) @executable_path/Frameworks";
				PRODUCT_BUNDLE_IDENTIFIER = com.mint.RealTransfer;
				PRODUCT_NAME = "Real Transfer";
				PROVISIONING_PROFILE = "";
				SWIFT_INCLUDE_PATHS = "";
				SWIFT_OBJC_BRIDGING_HEADER = "RealTransfer-Bridging-Header.h";
				TARGETED_DEVICE_FAMILY = 2;
			};
			name = Release;
		};
/* End XCBuildConfiguration section */

/* Begin XCConfigurationList section */
		529055E51D0518DE00B7D28C /* Build configuration list for PBXProject "RealTransfer" */ = {
			isa = XCConfigurationList;
			buildConfigurations = (
				529055FD1D0518DE00B7D28C /* Debug */,
				529055FE1D0518DE00B7D28C /* Release */,
			);
			defaultConfigurationIsVisible = 0;
			defaultConfigurationName = Release;
		};
		529055FF1D0518DE00B7D28C /* Build configuration list for PBXNativeTarget "RealTransfer" */ = {
			isa = XCConfigurationList;
			buildConfigurations = (
				529056001D0518DE00B7D28C /* Debug */,
				529056011D0518DE00B7D28C /* Release */,
			);
			defaultConfigurationIsVisible = 0;
			defaultConfigurationName = Release;
		};
/* End XCConfigurationList section */

/* Begin XCVersionGroup section */
		529055F41D0518DE00B7D28C /* RealTransfer.xcdatamodeld */ = {
			isa = XCVersionGroup;
			children = (
				529055F51D0518DE00B7D28C /* RealTransfer.xcdatamodel */,
			);
			currentVersion = 529055F51D0518DE00B7D28C /* RealTransfer.xcdatamodel */;
			path = RealTransfer.xcdatamodeld;
			sourceTree = "<group>";
			versionGroupType = wrapper.xcdatamodel;
		};
/* End XCVersionGroup section */
	};
	rootObject = 529055E21D0518DE00B7D28C /* Project object */;
}
