// !$*UTF8*$!
{
	archiveVersion = 1;
	classes = {
	};
	objectVersion = 46;
	objects = {

/* Begin PBXBuildFile section */
		521A7B241D05277700971B7B /* UIViewExtension.swift in Sources */ = {isa = PBXBuildFile; fileRef = 521A7B231D05277700971B7B /* UIViewExtension.swift */; };
		521A7B261D05291900971B7B /* UIColorExtension.swift in Sources */ = {isa = PBXBuildFile; fileRef = 521A7B251D05291900971B7B /* UIColorExtension.swift */; };
		521A7B281D05305200971B7B /* UIFontExtention.swift in Sources */ = {isa = PBXBuildFile; fileRef = 521A7B271D05305200971B7B /* UIFontExtention.swift */; };
		521A7B2A1D0534FD00971B7B /* SukhumvitSet.ttc in Resources */ = {isa = PBXBuildFile; fileRef = 521A7B291D05349B00971B7B /* SukhumvitSet.ttc */; };
		521A7B311D05504C00971B7B /* Queue.swift in Sources */ = {isa = PBXBuildFile; fileRef = 521A7B301D05504C00971B7B /* Queue.swift */; };
		521A7B331D0552B400971B7B /* ProjectCollectionViewCell.swift in Sources */ = {isa = PBXBuildFile; fileRef = 521A7B321D0552B400971B7B /* ProjectCollectionViewCell.swift */; };
		5284FD5E1D0565AF006C5D1B /* ProjectModel.swift in Sources */ = {isa = PBXBuildFile; fileRef = 5284FD5D1D0565AF006C5D1B /* ProjectModel.swift */; };
		529055EE1D0518DE00B7D28C /* AppDelegate.swift in Sources */ = {isa = PBXBuildFile; fileRef = 529055ED1D0518DE00B7D28C /* AppDelegate.swift */; };
		529055F31D0518DE00B7D28C /* Main.storyboard in Resources */ = {isa = PBXBuildFile; fileRef = 529055F11D0518DE00B7D28C /* Main.storyboard */; };
		529055F61D0518DE00B7D28C /* RealTransfer.xcdatamodeld in Sources */ = {isa = PBXBuildFile; fileRef = 529055F41D0518DE00B7D28C /* RealTransfer.xcdatamodeld */; };
		529055F81D0518DE00B7D28C /* Assets.xcassets in Resources */ = {isa = PBXBuildFile; fileRef = 529055F71D0518DE00B7D28C /* Assets.xcassets */; };
		529055FB1D0518DE00B7D28C /* LaunchScreen.storyboard in Resources */ = {isa = PBXBuildFile; fileRef = 529055F91D0518DE00B7D28C /* LaunchScreen.storyboard */; };
		5290560A1D0519EE00B7D28C /* NZNav.storyboard in Resources */ = {isa = PBXBuildFile; fileRef = 529056041D0519EE00B7D28C /* NZNav.storyboard */; };
		5290560B1D0519EE00B7D28C /* NZNavigationViewController.swift in Sources */ = {isa = PBXBuildFile; fileRef = 529056051D0519EE00B7D28C /* NZNavigationViewController.swift */; };
		5290560C1D0519EE00B7D28C /* NZViewController.swift in Sources */ = {isa = PBXBuildFile; fileRef = 529056061D0519EE00B7D28C /* NZViewController.swift */; };
		5290560D1D0519EE00B7D28C /* NZPopoverView.swift in Sources */ = {isa = PBXBuildFile; fileRef = 529056081D0519EE00B7D28C /* NZPopoverView.swift */; };
		5290560E1D0519EE00B7D28C /* NZRow.swift in Sources */ = {isa = PBXBuildFile; fileRef = 529056091D0519EE00B7D28C /* NZRow.swift */; };
		529056111D051B3F00B7D28C /* LoginViewController.swift in Sources */ = {isa = PBXBuildFile; fileRef = 529056101D051B3F00B7D28C /* LoginViewController.swift */; };
		529056141D051C6B00B7D28C /* ProjectViewController.swift in Sources */ = {isa = PBXBuildFile; fileRef = 529056131D051C6B00B7D28C /* ProjectViewController.swift */; };
/* End PBXBuildFile section */

/* Begin PBXFileReference section */
		521A7B231D05277700971B7B /* UIViewExtension.swift */ = {isa = PBXFileReference; fileEncoding = 4; lastKnownFileType = sourcecode.swift; path = UIViewExtension.swift; sourceTree = "<group>"; };
		521A7B251D05291900971B7B /* UIColorExtension.swift */ = {isa = PBXFileReference; fileEncoding = 4; lastKnownFileType = sourcecode.swift; path = UIColorExtension.swift; sourceTree = "<group>"; };
		521A7B271D05305200971B7B /* UIFontExtention.swift */ = {isa = PBXFileReference; fileEncoding = 4; lastKnownFileType = sourcecode.swift; path = UIFontExtention.swift; sourceTree = "<group>"; };
		521A7B291D05349B00971B7B /* SukhumvitSet.ttc */ = {isa = PBXFileReference; lastKnownFileType = file; path = SukhumvitSet.ttc; sourceTree = "<group>"; };
		521A7B301D05504C00971B7B /* Queue.swift */ = {isa = PBXFileReference; fileEncoding = 4; lastKnownFileType = sourcecode.swift; path = Queue.swift; sourceTree = "<group>"; };
		521A7B321D0552B400971B7B /* ProjectCollectionViewCell.swift */ = {isa = PBXFileReference; fileEncoding = 4; lastKnownFileType = sourcecode.swift; path = ProjectCollectionViewCell.swift; sourceTree = "<group>"; };
		5284FD5D1D0565AF006C5D1B /* ProjectModel.swift */ = {isa = PBXFileReference; fileEncoding = 4; lastKnownFileType = sourcecode.swift; path = ProjectModel.swift; sourceTree = "<group>"; };
		529055EA1D0518DE00B7D28C /* RealTransfer.app */ = {isa = PBXFileReference; explicitFileType = wrapper.application; includeInIndex = 0; path = RealTransfer.app; sourceTree = BUILT_PRODUCTS_DIR; };
		529055ED1D0518DE00B7D28C /* AppDelegate.swift */ = {isa = PBXFileReference; lastKnownFileType = sourcecode.swift; path = AppDelegate.swift; sourceTree = "<group>"; };
		529055F21D0518DE00B7D28C /* Base */ = {isa = PBXFileReference; lastKnownFileType = file.storyboard; name = Base; path = Base.lproj/Main.storyboard; sourceTree = "<group>"; };
		529055F51D0518DE00B7D28C /* RealTransfer.xcdatamodel */ = {isa = PBXFileReference; lastKnownFileType = wrapper.xcdatamodel; path = RealTransfer.xcdatamodel; sourceTree = "<group>"; };
		529055F71D0518DE00B7D28C /* Assets.xcassets */ = {isa = PBXFileReference; lastKnownFileType = folder.assetcatalog; path = Assets.xcassets; sourceTree = "<group>"; };
		529055FA1D0518DE00B7D28C /* Base */ = {isa = PBXFileReference; lastKnownFileType = file.storyboard; name = Base; path = Base.lproj/LaunchScreen.storyboard; sourceTree = "<group>"; };
		529055FC1D0518DE00B7D28C /* Info.plist */ = {isa = PBXFileReference; lastKnownFileType = text.plist.xml; path = Info.plist; sourceTree = "<group>"; };
		529056041D0519EE00B7D28C /* NZNav.storyboard */ = {isa = PBXFileReference; fileEncoding = 4; lastKnownFileType = file.storyboard; path = NZNav.storyboard; sourceTree = "<group>"; };
		529056051D0519EE00B7D28C /* NZNavigationViewController.swift */ = {isa = PBXFileReference; fileEncoding = 4; lastKnownFileType = sourcecode.swift; path = NZNavigationViewController.swift; sourceTree = "<group>"; };
		529056061D0519EE00B7D28C /* NZViewController.swift */ = {isa = PBXFileReference; fileEncoding = 4; lastKnownFileType = sourcecode.swift; path = NZViewController.swift; sourceTree = "<group>"; };
		529056081D0519EE00B7D28C /* NZPopoverView.swift */ = {isa = PBXFileReference; fileEncoding = 4; lastKnownFileType = sourcecode.swift; path = NZPopoverView.swift; sourceTree = "<group>"; };
		529056091D0519EE00B7D28C /* NZRow.swift */ = {isa = PBXFileReference; fileEncoding = 4; lastKnownFileType = sourcecode.swift; path = NZRow.swift; sourceTree = "<group>"; };
		529056101D051B3F00B7D28C /* LoginViewController.swift */ = {isa = PBXFileReference; fileEncoding = 4; lastKnownFileType = sourcecode.swift; path = LoginViewController.swift; sourceTree = "<group>"; };
		529056131D051C6B00B7D28C /* ProjectViewController.swift */ = {isa = PBXFileReference; fileEncoding = 4; lastKnownFileType = sourcecode.swift; path = ProjectViewController.swift; sourceTree = "<group>"; };
/* End PBXFileReference section */

/* Begin PBXFrameworksBuildPhase section */
		529055E71D0518DE00B7D28C /* Frameworks */ = {
			isa = PBXFrameworksBuildPhase;
			buildActionMask = 2147483647;
			files = (
			);
			runOnlyForDeploymentPostprocessing = 0;
		};
/* End PBXFrameworksBuildPhase section */

/* Begin PBXGroup section */
		521A7B221D05274800971B7B /* Extention */ = {
			isa = PBXGroup;
			children = (
				521A7B231D05277700971B7B /* UIViewExtension.swift */,
				521A7B251D05291900971B7B /* UIColorExtension.swift */,
				521A7B271D05305200971B7B /* UIFontExtention.swift */,
			);
			path = Extention;
			sourceTree = "<group>";
		};
		521A7B2F1D05503100971B7B /* Queue */ = {
			isa = PBXGroup;
			children = (
				521A7B301D05504C00971B7B /* Queue.swift */,
			);
			path = Queue;
			sourceTree = "<group>";
		};
		5284FD5C1D056593006C5D1B /* Model */ = {
			isa = PBXGroup;
			children = (
				5284FD5D1D0565AF006C5D1B /* ProjectModel.swift */,
			);
			path = Model;
			sourceTree = "<group>";
		};
		529055E11D0518DE00B7D28C = {
			isa = PBXGroup;
			children = (
				529055EC1D0518DE00B7D28C /* RealTransfer */,
				529055EB1D0518DE00B7D28C /* Products */,
			);
			sourceTree = "<group>";
		};
		529055EB1D0518DE00B7D28C /* Products */ = {
			isa = PBXGroup;
			children = (
				529055EA1D0518DE00B7D28C /* RealTransfer.app */,
			);
			name = Products;
			sourceTree = "<group>";
		};
		529055EC1D0518DE00B7D28C /* RealTransfer */ = {
			isa = PBXGroup;
			children = (
				529056021D0519EE00B7D28C /* Libraries */,
				521A7B221D05274800971B7B /* Extention */,
				5290560F1D051B3200B7D28C /* Login */,
				529056121D051C6000B7D28C /* Project */,
				529055ED1D0518DE00B7D28C /* AppDelegate.swift */,
				529055F11D0518DE00B7D28C /* Main.storyboard */,
				529055F71D0518DE00B7D28C /* Assets.xcassets */,
				529055F91D0518DE00B7D28C /* LaunchScreen.storyboard */,
				529055FC1D0518DE00B7D28C /* Info.plist */,
				529055F41D0518DE00B7D28C /* RealTransfer.xcdatamodeld */,
				521A7B291D05349B00971B7B /* SukhumvitSet.ttc */,
			);
			path = RealTransfer;
			sourceTree = "<group>";
		};
		529056021D0519EE00B7D28C /* Libraries */ = {
			isa = PBXGroup;
			children = (
				521A7B2F1D05503100971B7B /* Queue */,
				529056031D0519EE00B7D28C /* NZNavigationController */,
				529056071D0519EE00B7D28C /* NZPopover */,
			);
			path = Libraries;
			sourceTree = "<group>";
		};
		529056031D0519EE00B7D28C /* NZNavigationController */ = {
			isa = PBXGroup;
			children = (
				529056041D0519EE00B7D28C /* NZNav.storyboard */,
				529056051D0519EE00B7D28C /* NZNavigationViewController.swift */,
				529056061D0519EE00B7D28C /* NZViewController.swift */,
			);
			path = NZNavigationController;
			sourceTree = "<group>";
		};
		529056071D0519EE00B7D28C /* NZPopover */ = {
			isa = PBXGroup;
			children = (
				529056081D0519EE00B7D28C /* NZPopoverView.swift */,
				529056091D0519EE00B7D28C /* NZRow.swift */,
			);
			path = NZPopover;
			sourceTree = "<group>";
		};
		5290560F1D051B3200B7D28C /* Login */ = {
			isa = PBXGroup;
			children = (
				529056101D051B3F00B7D28C /* LoginViewController.swift */,
			);
			path = Login;
			sourceTree = "<group>";
		};
		529056121D051C6000B7D28C /* Project */ = {
			isa = PBXGroup;
			children = (
				5284FD5C1D056593006C5D1B /* Model */,
				529056131D051C6B00B7D28C /* ProjectViewController.swift */,
				521A7B321D0552B400971B7B /* ProjectCollectionViewCell.swift */,
			);
			path = Project;
			sourceTree = "<group>";
		};
/* End PBXGroup section */

/* Begin PBXNativeTarget section */
		529055E91D0518DE00B7D28C /* RealTransfer */ = {
			isa = PBXNativeTarget;
			buildConfigurationList = 529055FF1D0518DE00B7D28C /* Build configuration list for PBXNativeTarget "RealTransfer" */;
			buildPhases = (
				529055E61D0518DE00B7D28C /* Sources */,
				529055E71D0518DE00B7D28C /* Frameworks */,
				529055E81D0518DE00B7D28C /* Resources */,
			);
			buildRules = (
			);
			dependencies = (
			);
			name = RealTransfer;
			productName = RealTransfer;
			productReference = 529055EA1D0518DE00B7D28C /* RealTransfer.app */;
			productType = "com.apple.product-type.application";
		};
/* End PBXNativeTarget section */

/* Begin PBXProject section */
		529055E21D0518DE00B7D28C /* Project object */ = {
			isa = PBXProject;
			attributes = {
				LastSwiftUpdateCheck = 0720;
				LastUpgradeCheck = 0720;
				ORGANIZATIONNAME = nuizoro;
				TargetAttributes = {
					529055E91D0518DE00B7D28C = {
						CreatedOnToolsVersion = 7.2;
						DevelopmentTeam = T827QP7R38;
					};
				};
			};
			buildConfigurationList = 529055E51D0518DE00B7D28C /* Build configuration list for PBXProject "RealTransfer" */;
			compatibilityVersion = "Xcode 3.2";
			developmentRegion = English;
			hasScannedForEncodings = 0;
			knownRegions = (
				en,
				Base,
			);
			mainGroup = 529055E11D0518DE00B7D28C;
			productRefGroup = 529055EB1D0518DE00B7D28C /* Products */;
			projectDirPath = "";
			projectRoot = "";
			targets = (
				529055E91D0518DE00B7D28C /* RealTransfer */,
			);
		};
/* End PBXProject section */

/* Begin PBXResourcesBuildPhase section */
		529055E81D0518DE00B7D28C /* Resources */ = {
			isa = PBXResourcesBuildPhase;
			buildActionMask = 2147483647;
			files = (
				521A7B2A1D0534FD00971B7B /* SukhumvitSet.ttc in Resources */,
				5290560A1D0519EE00B7D28C /* NZNav.storyboard in Resources */,
				529055FB1D0518DE00B7D28C /* LaunchScreen.storyboard in Resources */,
				529055F81D0518DE00B7D28C /* Assets.xcassets in Resources */,
				529055F31D0518DE00B7D28C /* Main.storyboard in Resources */,
			);
			runOnlyForDeploymentPostprocessing = 0;
		};
/* End PBXResourcesBuildPhase section */

/* Begin PBXSourcesBuildPhase section */
		529055E61D0518DE00B7D28C /* Sources */ = {
			isa = PBXSourcesBuildPhase;
			buildActionMask = 2147483647;
			files = (
				5290560B1D0519EE00B7D28C /* NZNavigationViewController.swift in Sources */,
				521A7B281D05305200971B7B /* UIFontExtention.swift in Sources */,
				5290560D1D0519EE00B7D28C /* NZPopoverView.swift in Sources */,
				5290560E1D0519EE00B7D28C /* NZRow.swift in Sources */,
				529056111D051B3F00B7D28C /* LoginViewController.swift in Sources */,
				529056141D051C6B00B7D28C /* ProjectViewController.swift in Sources */,
				521A7B331D0552B400971B7B /* ProjectCollectionViewCell.swift in Sources */,
				529055F61D0518DE00B7D28C /* RealTransfer.xcdatamodeld in Sources */,
				521A7B311D05504C00971B7B /* Queue.swift in Sources */,
				5284FD5E1D0565AF006C5D1B /* ProjectModel.swift in Sources */,
				521A7B241D05277700971B7B /* UIViewExtension.swift in Sources */,
				521A7B261D05291900971B7B /* UIColorExtension.swift in Sources */,
				5290560C1D0519EE00B7D28C /* NZViewController.swift in Sources */,
				529055EE1D0518DE00B7D28C /* AppDelegate.swift in Sources */,
			);
			runOnlyForDeploymentPostprocessing = 0;
		};
/* End PBXSourcesBuildPhase section */

/* Begin PBXVariantGroup section */
		529055F11D0518DE00B7D28C /* Main.storyboard */ = {
			isa = PBXVariantGroup;
			children = (
				529055F21D0518DE00B7D28C /* Base */,
			);
			name = Main.storyboard;
			sourceTree = "<group>";
		};
		529055F91D0518DE00B7D28C /* LaunchScreen.storyboard */ = {
			isa = PBXVariantGroup;
			children = (
				529055FA1D0518DE00B7D28C /* Base */,
			);
			name = LaunchScreen.storyboard;
			sourceTree = "<group>";
		};
/* End PBXVariantGroup section */

/* Begin XCBuildConfiguration section */
		529055FD1D0518DE00B7D28C /* Debug */ = {
			isa = XCBuildConfiguration;
			buildSettings = {
				ALWAYS_SEARCH_USER_PATHS = NO;
				CLANG_CXX_LANGUAGE_STANDARD = "gnu++0x";
				CLANG_CXX_LIBRARY = "libc++";
				CLANG_ENABLE_MODULES = YES;
				CLANG_ENABLE_OBJC_ARC = YES;
				CLANG_WARN_BOOL_CONVERSION = YES;
				CLANG_WARN_CONSTANT_CONVERSION = YES;
				CLANG_WARN_DIRECT_OBJC_ISA_USAGE = YES_ERROR;
				CLANG_WARN_EMPTY_BODY = YES;
				CLANG_WARN_ENUM_CONVERSION = YES;
				CLANG_WARN_INT_CONVERSION = YES;
				CLANG_WARN_OBJC_ROOT_CLASS = YES_ERROR;
				CLANG_WARN_UNREACHABLE_CODE = YES;
				CLANG_WARN__DUPLICATE_METHOD_MATCH = YES;
				"CODE_SIGN_IDENTITY[sdk=iphoneos*]" = "iPhone Developer";
				COPY_PHASE_STRIP = NO;
				DEBUG_INFORMATION_FORMAT = dwarf;
				ENABLE_STRICT_OBJC_MSGSEND = YES;
				ENABLE_TESTABILITY = YES;
				GCC_C_LANGUAGE_STANDARD = gnu99;
				GCC_DYNAMIC_NO_PIC = NO;
				GCC_NO_COMMON_BLOCKS = YES;
				GCC_OPTIMIZATION_LEVEL = 0;
				GCC_PREPROCESSOR_DEFINITIONS = (
					"DEBUG=1",
					"$(inherited)",
				);
				GCC_WARN_64_TO_32_BIT_CONVERSION = YES;
				GCC_WARN_ABOUT_RETURN_TYPE = YES_ERROR;
				GCC_WARN_UNDECLARED_SELECTOR = YES;
				GCC_WARN_UNINITIALIZED_AUTOS = YES_AGGRESSIVE;
				GCC_WARN_UNUSED_FUNCTION = YES;
				GCC_WARN_UNUSED_VARIABLE = YES;
				IPHONEOS_DEPLOYMENT_TARGET = 9.2;
				MTL_ENABLE_DEBUG_INFO = YES;
				ONLY_ACTIVE_ARCH = YES;
				SDKROOT = iphoneos;
				SWIFT_OPTIMIZATION_LEVEL = "-Onone";
			};
			name = Debug;
		};
		529055FE1D0518DE00B7D28C /* Release */ = {
			isa = XCBuildConfiguration;
			buildSettings = {
				ALWAYS_SEARCH_USER_PATHS = NO;
				CLANG_CXX_LANGUAGE_STANDARD = "gnu++0x";
				CLANG_CXX_LIBRARY = "libc++";
				CLANG_ENABLE_MODULES = YES;
				CLANG_ENABLE_OBJC_ARC = YES;
				CLANG_WARN_BOOL_CONVERSION = YES;
				CLANG_WARN_CONSTANT_CONVERSION = YES;
				CLANG_WARN_DIRECT_OBJC_ISA_USAGE = YES_ERROR;
				CLANG_WARN_EMPTY_BODY = YES;
				CLANG_WARN_ENUM_CONVERSION = YES;
				CLANG_WARN_INT_CONVERSION = YES;
				CLANG_WARN_OBJC_ROOT_CLASS = YES_ERROR;
				CLANG_WARN_UNREACHABLE_CODE = YES;
				CLANG_WARN__DUPLICATE_METHOD_MATCH = YES;
				"CODE_SIGN_IDENTITY[sdk=iphoneos*]" = "iPhone Developer";
				COPY_PHASE_STRIP = NO;
				DEBUG_INFORMATION_FORMAT = "dwarf-with-dsym";
				ENABLE_NS_ASSERTIONS = NO;
				ENABLE_STRICT_OBJC_MSGSEND = YES;
				GCC_C_LANGUAGE_STANDARD = gnu99;
				GCC_NO_COMMON_BLOCKS = YES;
				GCC_WARN_64_TO_32_BIT_CONVERSION = YES;
				GCC_WARN_ABOUT_RETURN_TYPE = YES_ERROR;
				GCC_WARN_UNDECLARED_SELECTOR = YES;
				GCC_WARN_UNINITIALIZED_AUTOS = YES_AGGRESSIVE;
				GCC_WARN_UNUSED_FUNCTION = YES;
				GCC_WARN_UNUSED_VARIABLE = YES;
				IPHONEOS_DEPLOYMENT_TARGET = 9.2;
				MTL_ENABLE_DEBUG_INFO = NO;
				SDKROOT = iphoneos;
				VALIDATE_PRODUCT = YES;
			};
			name = Release;
		};
		529056001D0518DE00B7D28C /* Debug */ = {
			isa = XCBuildConfiguration;
			buildSettings = {
				ASSETCATALOG_COMPILER_APPICON_NAME = AppIcon;
				CODE_SIGN_IDENTITY = "iPhone Developer";
				INFOPLIST_FILE = RealTransfer/Info.plist;
				LD_RUNPATH_SEARCH_PATHS = "$(inherited) @executable_path/Frameworks";
				PRODUCT_BUNDLE_IDENTIFIER = com.mint.RealTransfer;
				PRODUCT_NAME = "$(TARGET_NAME)";
				TARGETED_DEVICE_FAMILY = 2;
			};
			name = Debug;
		};
		529056011D0518DE00B7D28C /* Release */ = {
			isa = XCBuildConfiguration;
			buildSettings = {
				ASSETCATALOG_COMPILER_APPICON_NAME = AppIcon;
				CODE_SIGN_IDENTITY = "iPhone Developer";
				INFOPLIST_FILE = RealTransfer/Info.plist;
				LD_RUNPATH_SEARCH_PATHS = "$(inherited) @executable_path/Frameworks";
				PRODUCT_BUNDLE_IDENTIFIER = com.mint.RealTransfer;
				PRODUCT_NAME = "$(TARGET_NAME)";
				TARGETED_DEVICE_FAMILY = 2;
			};
			name = Release;
		};
/* End XCBuildConfiguration section */

/* Begin XCConfigurationList section */
		529055E51D0518DE00B7D28C /* Build configuration list for PBXProject "RealTransfer" */ = {
			isa = XCConfigurationList;
			buildConfigurations = (
				529055FD1D0518DE00B7D28C /* Debug */,
				529055FE1D0518DE00B7D28C /* Release */,
			);
			defaultConfigurationIsVisible = 0;
			defaultConfigurationName = Release;
		};
		529055FF1D0518DE00B7D28C /* Build configuration list for PBXNativeTarget "RealTransfer" */ = {
			isa = XCConfigurationList;
			buildConfigurations = (
				529056001D0518DE00B7D28C /* Debug */,
				529056011D0518DE00B7D28C /* Release */,
			);
			defaultConfigurationIsVisible = 0;
			defaultConfigurationName = Release;
		};
/* End XCConfigurationList section */

/* Begin XCVersionGroup section */
		529055F41D0518DE00B7D28C /* RealTransfer.xcdatamodeld */ = {
			isa = XCVersionGroup;
			children = (
				529055F51D0518DE00B7D28C /* RealTransfer.xcdatamodel */,
			);
			currentVersion = 529055F51D0518DE00B7D28C /* RealTransfer.xcdatamodel */;
			path = RealTransfer.xcdatamodeld;
			sourceTree = "<group>";
			versionGroupType = wrapper.xcdatamodel;
		};
/* End XCVersionGroup section */
	};
	rootObject = 529055E21D0518DE00B7D28C /* Project object */;
}
